// !$*UTF8*$!
{
	archiveVersion = 1;
	classes = {
	};
	objectVersion = 50;
	objects = {

/* Begin PBXAggregateTarget section */
		DC38F5FD226F1FD70078F8C6 /* build_script */ = {
			isa = PBXAggregateTarget;
			buildConfigurationList = DC38F5FE226F1FD70078F8C6 /* Build configuration list for PBXAggregateTarget "build_script" */;
			buildPhases = (
				DC38F601226F1FEE0078F8C6 /* ShellScript */,
			);
			dependencies = (
			);
			name = build_script;
			productName = build_script;
		};
/* End PBXAggregateTarget section */

/* Begin PBXBuildFile section */
		DC38F5F5226F1F120078F8C6 /* UpArpuAneTTAdapter.m in Sources */ = {isa = PBXBuildFile; fileRef = DC38F5F4226F1F120078F8C6 /* UpArpuAneTTAdapter.m */; };
		DC38F5F6226F1F120078F8C6 /* UpArpuAneTTAdapter.h in CopyFiles */ = {isa = PBXBuildFile; fileRef = DC38F5F3226F1F120078F8C6 /* UpArpuAneTTAdapter.h */; };
		DC8275832276E00000023F61 /* UpArpuAdapterTiktok.h in Headers */ = {isa = PBXBuildFile; fileRef = DC8275812276E00000023F61 /* UpArpuAdapterTiktok.h */; settings = {ATTRIBUTES = (Public, ); }; };
		DC82759F2276E04000023F61 /* BUInterstitialAd.h in Headers */ = {isa = PBXBuildFile; fileRef = DC8275872276E03F00023F61 /* BUInterstitialAd.h */; settings = {ATTRIBUTES = (Public, ); }; };
		DC8275A02276E04000023F61 /* BUAdSDK.h in Headers */ = {isa = PBXBuildFile; fileRef = DC8275882276E03F00023F61 /* BUAdSDK.h */; settings = {ATTRIBUTES = (Public, ); }; };
		DC8275A12276E04000023F61 /* BUNativeExpressAdManager.h in Headers */ = {isa = PBXBuildFile; fileRef = DC8275892276E03F00023F61 /* BUNativeExpressAdManager.h */; settings = {ATTRIBUTES = (Public, ); }; };
		DC8275A22276E04000023F61 /* BUDislike.h in Headers */ = {isa = PBXBuildFile; fileRef = DC82758A2276E03F00023F61 /* BUDislike.h */; settings = {ATTRIBUTES = (Public, ); }; };
		DC8275A32276E04000023F61 /* BUVideoAdView.h in Headers */ = {isa = PBXBuildFile; fileRef = DC82758B2276E03F00023F61 /* BUVideoAdView.h */; settings = {ATTRIBUTES = (Public, ); }; };
		DC8275A42276E04000023F61 /* BUNativeExpressAdView.h in Headers */ = {isa = PBXBuildFile; fileRef = DC82758C2276E03F00023F61 /* BUNativeExpressAdView.h */; settings = {ATTRIBUTES = (Public, ); }; };
		DC8275A52276E04000023F61 /* BUBannerAdView.h in Headers */ = {isa = PBXBuildFile; fileRef = DC82758D2276E03F00023F61 /* BUBannerAdView.h */; settings = {ATTRIBUTES = (Public, ); }; };
		DC8275A62276E04000023F61 /* BUAdSlot.h in Headers */ = {isa = PBXBuildFile; fileRef = DC82758E2276E03F00023F61 /* BUAdSlot.h */; settings = {ATTRIBUTES = (Public, ); }; };
		DC8275A72276E04000023F61 /* BUAdSDKManager.h in Headers */ = {isa = PBXBuildFile; fileRef = DC82758F2276E03F00023F61 /* BUAdSDKManager.h */; settings = {ATTRIBUTES = (Public, ); }; };
		DC8275A82276E04000023F61 /* BUDislikeWords.h in Headers */ = {isa = PBXBuildFile; fileRef = DC8275902276E03F00023F61 /* BUDislikeWords.h */; settings = {ATTRIBUTES = (Public, ); }; };
		DC8275A92276E04000023F61 /* BUMaterialMeta.h in Headers */ = {isa = PBXBuildFile; fileRef = DC8275912276E03F00023F61 /* BUMaterialMeta.h */; settings = {ATTRIBUTES = (Public, ); }; };
		DC8275AA2276E04000023F61 /* BUAdSDK.a in Frameworks */ = {isa = PBXBuildFile; fileRef = DC8275922276E03F00023F61 /* BUAdSDK.a */; };
		DC8275AB2276E04000023F61 /* BURewardedVideoAd.h in Headers */ = {isa = PBXBuildFile; fileRef = DC8275932276E03F00023F61 /* BURewardedVideoAd.h */; settings = {ATTRIBUTES = (Public, ); }; };
		DC8275AC2276E04000023F61 /* BUNativeAd.h in Headers */ = {isa = PBXBuildFile; fileRef = DC8275942276E04000023F61 /* BUNativeAd.h */; settings = {ATTRIBUTES = (Public, ); }; };
		DC8275AD2276E04000023F61 /* BUPlayerPublicDefine.h in Headers */ = {isa = PBXBuildFile; fileRef = DC8275952276E04000023F61 /* BUPlayerPublicDefine.h */; settings = {ATTRIBUTES = (Public, ); }; };
		DC8275AE2276E04000023F61 /* BUAdSDKError.h in Headers */ = {isa = PBXBuildFile; fileRef = DC8275962276E04000023F61 /* BUAdSDKError.h */; settings = {ATTRIBUTES = (Public, ); }; };
		DC8275AF2276E04000023F61 /* BUSize.h in Headers */ = {isa = PBXBuildFile; fileRef = DC8275972276E04000023F61 /* BUSize.h */; settings = {ATTRIBUTES = (Public, ); }; };
		DC8275B02276E04000023F61 /* BUFullscreenVideoAd.h in Headers */ = {isa = PBXBuildFile; fileRef = DC8275982276E04000023F61 /* BUFullscreenVideoAd.h */; settings = {ATTRIBUTES = (Public, ); }; };
		DC8275B12276E04000023F61 /* BUImage.h in Headers */ = {isa = PBXBuildFile; fileRef = DC8275992276E04000023F61 /* BUImage.h */; settings = {ATTRIBUTES = (Public, ); }; };
		DC8275B22276E04000023F61 /* BUNativeAdRelatedView.h in Headers */ = {isa = PBXBuildFile; fileRef = DC82759A2276E04000023F61 /* BUNativeAdRelatedView.h */; settings = {ATTRIBUTES = (Public, ); }; };
		DC8275B32276E04000023F61 /* BURewardedVideoModel.h in Headers */ = {isa = PBXBuildFile; fileRef = DC82759B2276E04000023F61 /* BURewardedVideoModel.h */; settings = {ATTRIBUTES = (Public, ); }; };
		DC8275B42276E04000023F61 /* BUAdSDKDefines.h in Headers */ = {isa = PBXBuildFile; fileRef = DC82759C2276E04000023F61 /* BUAdSDKDefines.h */; settings = {ATTRIBUTES = (Public, ); }; };
		DC8275B52276E04000023F61 /* BUSplashAdView.h in Headers */ = {isa = PBXBuildFile; fileRef = DC82759D2276E04000023F61 /* BUSplashAdView.h */; settings = {ATTRIBUTES = (Public, ); }; };
		DC8275B62276E04000023F61 /* BUNativeAdsManager.h in Headers */ = {isa = PBXBuildFile; fileRef = DC82759E2276E04000023F61 /* BUNativeAdsManager.h */; settings = {ATTRIBUTES = (Public, ); }; };
/* End PBXBuildFile section */

/* Begin PBXCopyFilesBuildPhase section */
		DC38F5EE226F1F120078F8C6 /* CopyFiles */ = {
			isa = PBXCopyFilesBuildPhase;
			buildActionMask = 2147483647;
			dstPath = "include/$(PRODUCT_NAME)";
			dstSubfolderSpec = 16;
			files = (
				DC38F5F6226F1F120078F8C6 /* UpArpuAneTTAdapter.h in CopyFiles */,
			);
			runOnlyForDeploymentPostprocessing = 0;
		};
/* End PBXCopyFilesBuildPhase section */

/* Begin PBXFileReference section */
		DC37730222801EA50038B0FA /* FlashRuntimeExtensions.h */ = {isa = PBXFileReference; fileEncoding = 4; lastKnownFileType = sourcecode.c.h; path = FlashRuntimeExtensions.h; sourceTree = "<group>"; };
		DC38F5F0226F1F120078F8C6 /* libUpArpuAneTTAdapter.a */ = {isa = PBXFileReference; explicitFileType = archive.ar; includeInIndex = 0; path = libUpArpuAneTTAdapter.a; sourceTree = BUILT_PRODUCTS_DIR; };
		DC38F5F3226F1F120078F8C6 /* UpArpuAneTTAdapter.h */ = {isa = PBXFileReference; lastKnownFileType = sourcecode.c.h; path = UpArpuAneTTAdapter.h; sourceTree = "<group>"; };
		DC38F5F4226F1F120078F8C6 /* UpArpuAneTTAdapter.m */ = {isa = PBXFileReference; lastKnownFileType = sourcecode.c.objc; path = UpArpuAneTTAdapter.m; sourceTree = "<group>"; };
		DC82757F2276E00000023F61 /* UpArpuAdapterTiktok.framework */ = {isa = PBXFileReference; explicitFileType = wrapper.framework; includeInIndex = 0; path = UpArpuAdapterTiktok.framework; sourceTree = BUILT_PRODUCTS_DIR; };
		DC8275812276E00000023F61 /* UpArpuAdapterTiktok.h */ = {isa = PBXFileReference; lastKnownFileType = sourcecode.c.h; path = UpArpuAdapterTiktok.h; sourceTree = "<group>"; };
		DC8275822276E00000023F61 /* Info.plist */ = {isa = PBXFileReference; lastKnownFileType = text.plist.xml; path = Info.plist; sourceTree = "<group>"; };
		DC8275872276E03F00023F61 /* BUInterstitialAd.h */ = {isa = PBXFileReference; fileEncoding = 4; lastKnownFileType = sourcecode.c.h; name = BUInterstitialAd.h; path = ../../sdk/toutiao/BUInterstitialAd.h; sourceTree = "<group>"; };
		DC8275882276E03F00023F61 /* BUAdSDK.h */ = {isa = PBXFileReference; fileEncoding = 4; lastKnownFileType = sourcecode.c.h; name = BUAdSDK.h; path = ../../sdk/toutiao/BUAdSDK.h; sourceTree = "<group>"; };
		DC8275892276E03F00023F61 /* BUNativeExpressAdManager.h */ = {isa = PBXFileReference; fileEncoding = 4; lastKnownFileType = sourcecode.c.h; name = BUNativeExpressAdManager.h; path = ../../sdk/toutiao/BUNativeExpressAdManager.h; sourceTree = "<group>"; };
		DC82758A2276E03F00023F61 /* BUDislike.h */ = {isa = PBXFileReference; fileEncoding = 4; lastKnownFileType = sourcecode.c.h; name = BUDislike.h; path = ../../sdk/toutiao/BUDislike.h; sourceTree = "<group>"; };
		DC82758B2276E03F00023F61 /* BUVideoAdView.h */ = {isa = PBXFileReference; fileEncoding = 4; lastKnownFileType = sourcecode.c.h; name = BUVideoAdView.h; path = ../../sdk/toutiao/BUVideoAdView.h; sourceTree = "<group>"; };
		DC82758C2276E03F00023F61 /* BUNativeExpressAdView.h */ = {isa = PBXFileReference; fileEncoding = 4; lastKnownFileType = sourcecode.c.h; name = BUNativeExpressAdView.h; path = ../../sdk/toutiao/BUNativeExpressAdView.h; sourceTree = "<group>"; };
		DC82758D2276E03F00023F61 /* BUBannerAdView.h */ = {isa = PBXFileReference; fileEncoding = 4; lastKnownFileType = sourcecode.c.h; name = BUBannerAdView.h; path = ../../sdk/toutiao/BUBannerAdView.h; sourceTree = "<group>"; };
		DC82758E2276E03F00023F61 /* BUAdSlot.h */ = {isa = PBXFileReference; fileEncoding = 4; lastKnownFileType = sourcecode.c.h; name = BUAdSlot.h; path = ../../sdk/toutiao/BUAdSlot.h; sourceTree = "<group>"; };
		DC82758F2276E03F00023F61 /* BUAdSDKManager.h */ = {isa = PBXFileReference; fileEncoding = 4; lastKnownFileType = sourcecode.c.h; name = BUAdSDKManager.h; path = ../../sdk/toutiao/BUAdSDKManager.h; sourceTree = "<group>"; };
		DC8275902276E03F00023F61 /* BUDislikeWords.h */ = {isa = PBXFileReference; fileEncoding = 4; lastKnownFileType = sourcecode.c.h; name = BUDislikeWords.h; path = ../../sdk/toutiao/BUDislikeWords.h; sourceTree = "<group>"; };
		DC8275912276E03F00023F61 /* BUMaterialMeta.h */ = {isa = PBXFileReference; fileEncoding = 4; lastKnownFileType = sourcecode.c.h; name = BUMaterialMeta.h; path = ../../sdk/toutiao/BUMaterialMeta.h; sourceTree = "<group>"; };
		DC8275922276E03F00023F61 /* BUAdSDK.a */ = {isa = PBXFileReference; lastKnownFileType = archive.ar; name = BUAdSDK.a; path = ../../sdk/toutiao/BUAdSDK.a; sourceTree = "<group>"; };
		DC8275932276E03F00023F61 /* BURewardedVideoAd.h */ = {isa = PBXFileReference; fileEncoding = 4; lastKnownFileType = sourcecode.c.h; name = BURewardedVideoAd.h; path = ../../sdk/toutiao/BURewardedVideoAd.h; sourceTree = "<group>"; };
		DC8275942276E04000023F61 /* BUNativeAd.h */ = {isa = PBXFileReference; fileEncoding = 4; lastKnownFileType = sourcecode.c.h; name = BUNativeAd.h; path = ../../sdk/toutiao/BUNativeAd.h; sourceTree = "<group>"; };
		DC8275952276E04000023F61 /* BUPlayerPublicDefine.h */ = {isa = PBXFileReference; fileEncoding = 4; lastKnownFileType = sourcecode.c.h; name = BUPlayerPublicDefine.h; path = ../../sdk/toutiao/BUPlayerPublicDefine.h; sourceTree = "<group>"; };
		DC8275962276E04000023F61 /* BUAdSDKError.h */ = {isa = PBXFileReference; fileEncoding = 4; lastKnownFileType = sourcecode.c.h; name = BUAdSDKError.h; path = ../../sdk/toutiao/BUAdSDKError.h; sourceTree = "<group>"; };
		DC8275972276E04000023F61 /* BUSize.h */ = {isa = PBXFileReference; fileEncoding = 4; lastKnownFileType = sourcecode.c.h; name = BUSize.h; path = ../../sdk/toutiao/BUSize.h; sourceTree = "<group>"; };
		DC8275982276E04000023F61 /* BUFullscreenVideoAd.h */ = {isa = PBXFileReference; fileEncoding = 4; lastKnownFileType = sourcecode.c.h; name = BUFullscreenVideoAd.h; path = ../../sdk/toutiao/BUFullscreenVideoAd.h; sourceTree = "<group>"; };
		DC8275992276E04000023F61 /* BUImage.h */ = {isa = PBXFileReference; fileEncoding = 4; lastKnownFileType = sourcecode.c.h; name = BUImage.h; path = ../../sdk/toutiao/BUImage.h; sourceTree = "<group>"; };
		DC82759A2276E04000023F61 /* BUNativeAdRelatedView.h */ = {isa = PBXFileReference; fileEncoding = 4; lastKnownFileType = sourcecode.c.h; name = BUNativeAdRelatedView.h; path = ../../sdk/toutiao/BUNativeAdRelatedView.h; sourceTree = "<group>"; };
		DC82759B2276E04000023F61 /* BURewardedVideoModel.h */ = {isa = PBXFileReference; fileEncoding = 4; lastKnownFileType = sourcecode.c.h; name = BURewardedVideoModel.h; path = ../../sdk/toutiao/BURewardedVideoModel.h; sourceTree = "<group>"; };
		DC82759C2276E04000023F61 /* BUAdSDKDefines.h */ = {isa = PBXFileReference; fileEncoding = 4; lastKnownFileType = sourcecode.c.h; name = BUAdSDKDefines.h; path = ../../sdk/toutiao/BUAdSDKDefines.h; sourceTree = "<group>"; };
		DC82759D2276E04000023F61 /* BUSplashAdView.h */ = {isa = PBXFileReference; fileEncoding = 4; lastKnownFileType = sourcecode.c.h; name = BUSplashAdView.h; path = ../../sdk/toutiao/BUSplashAdView.h; sourceTree = "<group>"; };
		DC82759E2276E04000023F61 /* BUNativeAdsManager.h */ = {isa = PBXFileReference; fileEncoding = 4; lastKnownFileType = sourcecode.c.h; name = BUNativeAdsManager.h; path = ../../sdk/toutiao/BUNativeAdsManager.h; sourceTree = "<group>"; };
/* End PBXFileReference section */

/* Begin PBXFrameworksBuildPhase section */
		DC38F5ED226F1F120078F8C6 /* Frameworks */ = {
			isa = PBXFrameworksBuildPhase;
			buildActionMask = 2147483647;
			files = (
			);
			runOnlyForDeploymentPostprocessing = 0;
		};
		DC82757C2276E00000023F61 /* Frameworks */ = {
			isa = PBXFrameworksBuildPhase;
			buildActionMask = 2147483647;
			files = (
				DC8275AA2276E04000023F61 /* BUAdSDK.a in Frameworks */,
			);
			runOnlyForDeploymentPostprocessing = 0;
		};
/* End PBXFrameworksBuildPhase section */

/* Begin PBXGroup section */
		DC38F5E7226F1F120078F8C6 = {
			isa = PBXGroup;
			children = (
				DC38F5F2226F1F120078F8C6 /* UpArpuAneTTAdapter */,
				DC8275802276E00000023F61 /* UpArpuAdapterTiktok */,
				DC38F5F1226F1F120078F8C6 /* Products */,
			);
			sourceTree = "<group>";
		};
		DC38F5F1226F1F120078F8C6 /* Products */ = {
			isa = PBXGroup;
			children = (
				DC38F5F0226F1F120078F8C6 /* libUpArpuAneTTAdapter.a */,
				DC82757F2276E00000023F61 /* UpArpuAdapterTiktok.framework */,
			);
			name = Products;
			sourceTree = "<group>";
		};
		DC38F5F2226F1F120078F8C6 /* UpArpuAneTTAdapter */ = {
			isa = PBXGroup;
			children = (
				DC37730222801EA50038B0FA /* FlashRuntimeExtensions.h */,
				DC38F5F3226F1F120078F8C6 /* UpArpuAneTTAdapter.h */,
				DC38F5F4226F1F120078F8C6 /* UpArpuAneTTAdapter.m */,
			);
			path = UpArpuAneTTAdapter;
			sourceTree = "<group>";
		};
		DC8275802276E00000023F61 /* UpArpuAdapterTiktok */ = {
			isa = PBXGroup;
			children = (
				DC8275922276E03F00023F61 /* BUAdSDK.a */,
				DC8275882276E03F00023F61 /* BUAdSDK.h */,
				DC82759C2276E04000023F61 /* BUAdSDKDefines.h */,
				DC8275962276E04000023F61 /* BUAdSDKError.h */,
				DC82758F2276E03F00023F61 /* BUAdSDKManager.h */,
				DC82758E2276E03F00023F61 /* BUAdSlot.h */,
				DC82758D2276E03F00023F61 /* BUBannerAdView.h */,
				DC82758A2276E03F00023F61 /* BUDislike.h */,
				DC8275902276E03F00023F61 /* BUDislikeWords.h */,
				DC8275982276E04000023F61 /* BUFullscreenVideoAd.h */,
				DC8275992276E04000023F61 /* BUImage.h */,
				DC8275872276E03F00023F61 /* BUInterstitialAd.h */,
				DC8275912276E03F00023F61 /* BUMaterialMeta.h */,
				DC8275942276E04000023F61 /* BUNativeAd.h */,
				DC82759A2276E04000023F61 /* BUNativeAdRelatedView.h */,
				DC82759E2276E04000023F61 /* BUNativeAdsManager.h */,
				DC8275892276E03F00023F61 /* BUNativeExpressAdManager.h */,
				DC82758C2276E03F00023F61 /* BUNativeExpressAdView.h */,
				DC8275952276E04000023F61 /* BUPlayerPublicDefine.h */,
				DC8275932276E03F00023F61 /* BURewardedVideoAd.h */,
				DC82759B2276E04000023F61 /* BURewardedVideoModel.h */,
				DC8275972276E04000023F61 /* BUSize.h */,
				DC82759D2276E04000023F61 /* BUSplashAdView.h */,
				DC82758B2276E03F00023F61 /* BUVideoAdView.h */,
				DC8275812276E00000023F61 /* UpArpuAdapterTiktok.h */,
				DC8275822276E00000023F61 /* Info.plist */,
			);
			path = UpArpuAdapterTiktok;
			sourceTree = "<group>";
		};
/* End PBXGroup section */

/* Begin PBXHeadersBuildPhase section */
		DC82757A2276E00000023F61 /* Headers */ = {
			isa = PBXHeadersBuildPhase;
			buildActionMask = 2147483647;
			files = (
				DC8275B32276E04000023F61 /* BURewardedVideoModel.h in Headers */,
				DC8275B12276E04000023F61 /* BUImage.h in Headers */,
				DC8275AB2276E04000023F61 /* BURewardedVideoAd.h in Headers */,
				DC8275B62276E04000023F61 /* BUNativeAdsManager.h in Headers */,
				DC8275B02276E04000023F61 /* BUFullscreenVideoAd.h in Headers */,
				DC8275B42276E04000023F61 /* BUAdSDKDefines.h in Headers */,
				DC8275A22276E04000023F61 /* BUDislike.h in Headers */,
				DC8275AF2276E04000023F61 /* BUSize.h in Headers */,
				DC8275A12276E04000023F61 /* BUNativeExpressAdManager.h in Headers */,
				DC82759F2276E04000023F61 /* BUInterstitialAd.h in Headers */,
				DC8275A62276E04000023F61 /* BUAdSlot.h in Headers */,
				DC8275A82276E04000023F61 /* BUDislikeWords.h in Headers */,
				DC8275A52276E04000023F61 /* BUBannerAdView.h in Headers */,
				DC8275AD2276E04000023F61 /* BUPlayerPublicDefine.h in Headers */,
				DC8275A72276E04000023F61 /* BUAdSDKManager.h in Headers */,
				DC8275B22276E04000023F61 /* BUNativeAdRelatedView.h in Headers */,
				DC8275A92276E04000023F61 /* BUMaterialMeta.h in Headers */,
				DC8275B52276E04000023F61 /* BUSplashAdView.h in Headers */,
				DC8275A32276E04000023F61 /* BUVideoAdView.h in Headers */,
				DC8275A02276E04000023F61 /* BUAdSDK.h in Headers */,
				DC8275AE2276E04000023F61 /* BUAdSDKError.h in Headers */,
				DC8275AC2276E04000023F61 /* BUNativeAd.h in Headers */,
				DC8275832276E00000023F61 /* UpArpuAdapterTiktok.h in Headers */,
				DC8275A42276E04000023F61 /* BUNativeExpressAdView.h in Headers */,
			);
			runOnlyForDeploymentPostprocessing = 0;
		};
/* End PBXHeadersBuildPhase section */

/* Begin PBXNativeTarget section */
		DC38F5EF226F1F120078F8C6 /* UpArpuAneTTAdapter */ = {
			isa = PBXNativeTarget;
			buildConfigurationList = DC38F5F9226F1F120078F8C6 /* Build configuration list for PBXNativeTarget "UpArpuAneTTAdapter" */;
			buildPhases = (
				DC38F5EC226F1F120078F8C6 /* Sources */,
				DC38F5ED226F1F120078F8C6 /* Frameworks */,
				DC38F5EE226F1F120078F8C6 /* CopyFiles */,
			);
			buildRules = (
			);
			dependencies = (
			);
			name = UpArpuAneTTAdapter;
			productName = UpArpuInmobiAdapter;
			productReference = DC38F5F0226F1F120078F8C6 /* libUpArpuAneTTAdapter.a */;
			productType = "com.apple.product-type.library.static";
		};
		DC82757E2276E00000023F61 /* UpArpuAdapterTiktok */ = {
			isa = PBXNativeTarget;
			buildConfigurationList = DC8275862276E00000023F61 /* Build configuration list for PBXNativeTarget "UpArpuAdapterTiktok" */;
			buildPhases = (
				DC82757A2276E00000023F61 /* Headers */,
				DC82757B2276E00000023F61 /* Sources */,
				DC82757C2276E00000023F61 /* Frameworks */,
				DC82757D2276E00000023F61 /* Resources */,
			);
			buildRules = (
			);
			dependencies = (
			);
			name = UpArpuAdapterTiktok;
			productName = UpArpuAdapterTiktok;
			productReference = DC82757F2276E00000023F61 /* UpArpuAdapterTiktok.framework */;
			productType = "com.apple.product-type.framework";
		};
/* End PBXNativeTarget section */

/* Begin PBXProject section */
		DC38F5E8226F1F120078F8C6 /* Project object */ = {
			isa = PBXProject;
			attributes = {
				LastUpgradeCheck = 1020;
				ORGANIZATIONNAME = uparpu;
				TargetAttributes = {
					DC38F5EF226F1F120078F8C6 = {
						CreatedOnToolsVersion = 10.2;
					};
					DC38F5FD226F1FD70078F8C6 = {
						CreatedOnToolsVersion = 10.2;
					};
					DC82757E2276E00000023F61 = {
						CreatedOnToolsVersion = 10.2;
					};
				};
			};
			buildConfigurationList = DC38F5EB226F1F120078F8C6 /* Build configuration list for PBXProject "UpArpuAneTTAdapter" */;
			compatibilityVersion = "Xcode 9.3";
			developmentRegion = en;
			hasScannedForEncodings = 0;
			knownRegions = (
				en,
			);
			mainGroup = DC38F5E7226F1F120078F8C6;
			productRefGroup = DC38F5F1226F1F120078F8C6 /* Products */;
			projectDirPath = "";
			projectRoot = "";
			targets = (
				DC38F5EF226F1F120078F8C6 /* UpArpuAneTTAdapter */,
				DC38F5FD226F1FD70078F8C6 /* build_script */,
				DC82757E2276E00000023F61 /* UpArpuAdapterTiktok */,
			);
		};
/* End PBXProject section */

/* Begin PBXResourcesBuildPhase section */
		DC82757D2276E00000023F61 /* Resources */ = {
			isa = PBXResourcesBuildPhase;
			buildActionMask = 2147483647;
			files = (
			);
			runOnlyForDeploymentPostprocessing = 0;
		};
/* End PBXResourcesBuildPhase section */

/* Begin PBXShellScriptBuildPhase section */
		DC38F601226F1FEE0078F8C6 /* ShellScript */ = {
			isa = PBXShellScriptBuildPhase;
			buildActionMask = 2147483647;
			files = (
			);
			inputFileListPaths = (
			);
			inputPaths = (
			);
			outputFileListPaths = (
			);
			outputPaths = (
			);
			runOnlyForDeploymentPostprocessing = 0;
			shellPath = /bin/sh;
			shellScript = "# Sets the target folders and the final framework product.\n# 如果工程名称和Framework的Target名称不一样的话，要自定义FMKNAME\n# 例如: FMK_NAME = \"MyFramework\"\nLIB_NAME=${PROJECT_NAME}\n#define the version you want,including release and debug\nTARGET_VERSION=\"Release\"\n# define output folder environment variable\nUNIVERSAL_OUTPUTFOLDER=${SRCROOT}/${TARGET_VERSION}-universal\n\n# Step 1. Build Device and Simulator versions\nxcodebuild -target \"${LIB_NAME}\" ONLY_ACTIVE_ARCH=NO -configuration ${TARGET_VERSION} -sdk iphoneos  -arch \"arm64\" -arch \"armv7\" -arch \"armv7s\" BUILD_DIR=\"${BUILD_DIR}\" BUILD_ROOT=\"${BUILD_ROOT}\" clean build\nxcodebuild -target \"${LIB_NAME}\" ONLY_ACTIVE_ARCH=NO -configuration ${TARGET_VERSION} -sdk iphonesimulator -arch \"i386\" -arch \"x86_64\" BUILD_DIR=\"${BUILD_DIR}\" BUILD_ROOT=\"${BUILD_ROOT}\" clean build\n\n# Cleaning the oldest.\nif [ -d \"${UNIVERSAL_OUTPUTFOLDER}\" ]\nthen\nrm -rf \"${UNIVERSAL_OUTPUTFOLDER}\"\nfi\n#create the folder\nmkdir -p \"${UNIVERSAL_OUTPUTFOLDER}\"\n\n# Step 2. Create universal binary file using lipo\nlipo -create -output \"${UNIVERSAL_OUTPUTFOLDER}/lib${PROJECT_NAME}.a\" \"${BUILD_DIR}/${TARGET_VERSION}-iphoneos/lib${PROJECT_NAME}.a\" \"${BUILD_DIR}/${TARGET_VERSION}-iphonesimulator/lib${PROJECT_NAME}.a\"\nrm -rf \"${SRCROOT}/build\"\nopen \"${UNIVERSAL_OUTPUTFOLDER}\"\n\n\n\n";
		};
/* End PBXShellScriptBuildPhase section */

/* Begin PBXSourcesBuildPhase section */
		DC38F5EC226F1F120078F8C6 /* Sources */ = {
			isa = PBXSourcesBuildPhase;
			buildActionMask = 2147483647;
			files = (
				DC38F5F5226F1F120078F8C6 /* UpArpuAneTTAdapter.m in Sources */,
			);
			runOnlyForDeploymentPostprocessing = 0;
		};
		DC82757B2276E00000023F61 /* Sources */ = {
			isa = PBXSourcesBuildPhase;
			buildActionMask = 2147483647;
			files = (
			);
			runOnlyForDeploymentPostprocessing = 0;
		};
/* End PBXSourcesBuildPhase section */

/* Begin XCBuildConfiguration section */
		DC38F5F7226F1F120078F8C6 /* Debug */ = {
			isa = XCBuildConfiguration;
			buildSettings = {
				ALWAYS_SEARCH_USER_PATHS = NO;
				CLANG_ANALYZER_NONNULL = YES;
				CLANG_ANALYZER_NUMBER_OBJECT_CONVERSION = YES_AGGRESSIVE;
				CLANG_CXX_LANGUAGE_STANDARD = "gnu++14";
				CLANG_CXX_LIBRARY = "libc++";
				CLANG_ENABLE_MODULES = YES;
				CLANG_ENABLE_OBJC_ARC = YES;
				CLANG_ENABLE_OBJC_WEAK = YES;
				CLANG_WARN_BLOCK_CAPTURE_AUTORELEASING = YES;
				CLANG_WARN_BOOL_CONVERSION = YES;
				CLANG_WARN_COMMA = YES;
				CLANG_WARN_CONSTANT_CONVERSION = YES;
				CLANG_WARN_DEPRECATED_OBJC_IMPLEMENTATIONS = YES;
				CLANG_WARN_DIRECT_OBJC_ISA_USAGE = YES_ERROR;
				CLANG_WARN_DOCUMENTATION_COMMENTS = YES;
				CLANG_WARN_EMPTY_BODY = YES;
				CLANG_WARN_ENUM_CONVERSION = YES;
				CLANG_WARN_INFINITE_RECURSION = YES;
				CLANG_WARN_INT_CONVERSION = YES;
				CLANG_WARN_NON_LITERAL_NULL_CONVERSION = YES;
				CLANG_WARN_OBJC_IMPLICIT_RETAIN_SELF = YES;
				CLANG_WARN_OBJC_LITERAL_CONVERSION = YES;
				CLANG_WARN_OBJC_ROOT_CLASS = YES_ERROR;
				CLANG_WARN_RANGE_LOOP_ANALYSIS = YES;
				CLANG_WARN_STRICT_PROTOTYPES = YES;
				CLANG_WARN_SUSPICIOUS_MOVE = YES;
				CLANG_WARN_UNGUARDED_AVAILABILITY = YES_AGGRESSIVE;
				CLANG_WARN_UNREACHABLE_CODE = YES;
				CLANG_WARN__DUPLICATE_METHOD_MATCH = YES;
				CODE_SIGN_IDENTITY = "iPhone Developer";
				COPY_PHASE_STRIP = NO;
				DEBUG_INFORMATION_FORMAT = dwarf;
				ENABLE_STRICT_OBJC_MSGSEND = YES;
				ENABLE_TESTABILITY = YES;
				GCC_C_LANGUAGE_STANDARD = gnu11;
				GCC_DYNAMIC_NO_PIC = NO;
				GCC_NO_COMMON_BLOCKS = YES;
				GCC_OPTIMIZATION_LEVEL = 0;
				GCC_PREPROCESSOR_DEFINITIONS = (
					"DEBUG=1",
					"$(inherited)",
				);
				GCC_WARN_64_TO_32_BIT_CONVERSION = YES;
				GCC_WARN_ABOUT_RETURN_TYPE = YES_ERROR;
				GCC_WARN_UNDECLARED_SELECTOR = YES;
				GCC_WARN_UNINITIALIZED_AUTOS = YES_AGGRESSIVE;
				GCC_WARN_UNUSED_FUNCTION = YES;
				GCC_WARN_UNUSED_VARIABLE = YES;
				IPHONEOS_DEPLOYMENT_TARGET = 8.0;
				MTL_ENABLE_DEBUG_INFO = INCLUDE_SOURCE;
				MTL_FAST_MATH = YES;
				ONLY_ACTIVE_ARCH = YES;
				SDKROOT = iphoneos;
			};
			name = Debug;
		};
		DC38F5F8226F1F120078F8C6 /* Release */ = {
			isa = XCBuildConfiguration;
			buildSettings = {
				ALWAYS_SEARCH_USER_PATHS = NO;
				CLANG_ANALYZER_NONNULL = YES;
				CLANG_ANALYZER_NUMBER_OBJECT_CONVERSION = YES_AGGRESSIVE;
				CLANG_CXX_LANGUAGE_STANDARD = "gnu++14";
				CLANG_CXX_LIBRARY = "libc++";
				CLANG_ENABLE_MODULES = YES;
				CLANG_ENABLE_OBJC_ARC = YES;
				CLANG_ENABLE_OBJC_WEAK = YES;
				CLANG_WARN_BLOCK_CAPTURE_AUTORELEASING = YES;
				CLANG_WARN_BOOL_CONVERSION = YES;
				CLANG_WARN_COMMA = YES;
				CLANG_WARN_CONSTANT_CONVERSION = YES;
				CLANG_WARN_DEPRECATED_OBJC_IMPLEMENTATIONS = YES;
				CLANG_WARN_DIRECT_OBJC_ISA_USAGE = YES_ERROR;
				CLANG_WARN_DOCUMENTATION_COMMENTS = YES;
				CLANG_WARN_EMPTY_BODY = YES;
				CLANG_WARN_ENUM_CONVERSION = YES;
				CLANG_WARN_INFINITE_RECURSION = YES;
				CLANG_WARN_INT_CONVERSION = YES;
				CLANG_WARN_NON_LITERAL_NULL_CONVERSION = YES;
				CLANG_WARN_OBJC_IMPLICIT_RETAIN_SELF = YES;
				CLANG_WARN_OBJC_LITERAL_CONVERSION = YES;
				CLANG_WARN_OBJC_ROOT_CLASS = YES_ERROR;
				CLANG_WARN_RANGE_LOOP_ANALYSIS = YES;
				CLANG_WARN_STRICT_PROTOTYPES = YES;
				CLANG_WARN_SUSPICIOUS_MOVE = YES;
				CLANG_WARN_UNGUARDED_AVAILABILITY = YES_AGGRESSIVE;
				CLANG_WARN_UNREACHABLE_CODE = YES;
				CLANG_WARN__DUPLICATE_METHOD_MATCH = YES;
				CODE_SIGN_IDENTITY = "iPhone Developer";
				COPY_PHASE_STRIP = NO;
				DEBUG_INFORMATION_FORMAT = "dwarf-with-dsym";
				ENABLE_NS_ASSERTIONS = NO;
				ENABLE_STRICT_OBJC_MSGSEND = YES;
				GCC_C_LANGUAGE_STANDARD = gnu11;
				GCC_NO_COMMON_BLOCKS = YES;
				GCC_WARN_64_TO_32_BIT_CONVERSION = YES;
				GCC_WARN_ABOUT_RETURN_TYPE = YES_ERROR;
				GCC_WARN_UNDECLARED_SELECTOR = YES;
				GCC_WARN_UNINITIALIZED_AUTOS = YES_AGGRESSIVE;
				GCC_WARN_UNUSED_FUNCTION = YES;
				GCC_WARN_UNUSED_VARIABLE = YES;
				IPHONEOS_DEPLOYMENT_TARGET = 8.0;
				MTL_ENABLE_DEBUG_INFO = NO;
				MTL_FAST_MATH = YES;
				SDKROOT = iphoneos;
				VALIDATE_PRODUCT = YES;
			};
			name = Release;
		};
		DC38F5FA226F1F120078F8C6 /* Debug */ = {
			isa = XCBuildConfiguration;
			buildSettings = {
				CODE_SIGN_STYLE = Automatic;
				DEVELOPMENT_TEAM = 6YXYV74FF7;
				OTHER_LDFLAGS = "-ObjC";
				PRODUCT_NAME = "$(TARGET_NAME)";
				SKIP_INSTALL = YES;
				TARGETED_DEVICE_FAMILY = "1,2";
			};
			name = Debug;
		};
		DC38F5FB226F1F120078F8C6 /* Release */ = {
			isa = XCBuildConfiguration;
			buildSettings = {
				CODE_SIGN_STYLE = Automatic;
				DEVELOPMENT_TEAM = 6YXYV74FF7;
				OTHER_LDFLAGS = "-ObjC";
				PRODUCT_NAME = "$(TARGET_NAME)";
				SKIP_INSTALL = YES;
				TARGETED_DEVICE_FAMILY = "1,2";
			};
			name = Release;
		};
		DC38F5FF226F1FD70078F8C6 /* Debug */ = {
			isa = XCBuildConfiguration;
			buildSettings = {
				CODE_SIGN_STYLE = Automatic;
				DEVELOPMENT_TEAM = 6YXYV74FF7;
				PRODUCT_NAME = "$(TARGET_NAME)";
			};
			name = Debug;
		};
		DC38F600226F1FD70078F8C6 /* Release */ = {
			isa = XCBuildConfiguration;
			buildSettings = {
				CODE_SIGN_STYLE = Automatic;
				DEVELOPMENT_TEAM = 6YXYV74FF7;
				PRODUCT_NAME = "$(TARGET_NAME)";
			};
			name = Release;
		};
		DC8275842276E00000023F61 /* Debug */ = {
			isa = XCBuildConfiguration;
			buildSettings = {
				CODE_SIGN_IDENTITY = "";
				CODE_SIGN_STYLE = Automatic;
				CURRENT_PROJECT_VERSION = 1;
				DEFINES_MODULE = YES;
				DEVELOPMENT_TEAM = 6YXYV74FF7;
				DYLIB_COMPATIBILITY_VERSION = 1;
				DYLIB_CURRENT_VERSION = 1;
				DYLIB_INSTALL_NAME_BASE = "@rpath";
				INFOPLIST_FILE = UpArpuAdapterTiktok/Info.plist;
				INSTALL_PATH = "$(LOCAL_LIBRARY_DIR)/Frameworks";
				IPHONEOS_DEPLOYMENT_TARGET = 8.0;
				LD_RUNPATH_SEARCH_PATHS = (
					"$(inherited)",
					"@executable_path/Frameworks",
					"@loader_path/Frameworks",
				);
				MACH_O_TYPE = staticlib;
				ONLY_ACTIVE_ARCH = NO;
				OTHER_LDFLAGS = (
					"-ObjC",
					"-fobjc-arc",
					"$(inherited)",
				);
				PRODUCT_BUNDLE_IDENTIFIER = com.uparpu.tiktok.UpArpuAdapterTiktok;
				PRODUCT_NAME = "$(TARGET_NAME:c99extidentifier)";
				SKIP_INSTALL = YES;
				TARGETED_DEVICE_FAMILY = "1,2";
				VERSIONING_SYSTEM = "apple-generic";
				VERSION_INFO_PREFIX = "";
			};
			name = Debug;
		};
		DC8275852276E00000023F61 /* Release */ = {
			isa = XCBuildConfiguration;
			buildSettings = {
				CODE_SIGN_IDENTITY = "";
				CODE_SIGN_STYLE = Automatic;
				CURRENT_PROJECT_VERSION = 1;
				DEFINES_MODULE = YES;
				DEVELOPMENT_TEAM = 6YXYV74FF7;
				DYLIB_COMPATIBILITY_VERSION = 1;
				DYLIB_CURRENT_VERSION = 1;
				DYLIB_INSTALL_NAME_BASE = "@rpath";
				INFOPLIST_FILE = UpArpuAdapterTiktok/Info.plist;
				INSTALL_PATH = "$(LOCAL_LIBRARY_DIR)/Frameworks";
				IPHONEOS_DEPLOYMENT_TARGET = 8.0;
				LD_RUNPATH_SEARCH_PATHS = (
					"$(inherited)",
					"@executable_path/Frameworks",
					"@loader_path/Frameworks",
				);
				MACH_O_TYPE = staticlib;
				OTHER_LDFLAGS = (
					"-ObjC",
					"-fobjc-arc",
					"$(inherited)",
				);
				PRODUCT_BUNDLE_IDENTIFIER = com.uparpu.tiktok.UpArpuAdapterTiktok;
				PRODUCT_NAME = "$(TARGET_NAME:c99extidentifier)";
				SKIP_INSTALL = YES;
				TARGETED_DEVICE_FAMILY = "1,2";
				VERSIONING_SYSTEM = "apple-generic";
				VERSION_INFO_PREFIX = "";
			};
			name = Release;
		};
/* End XCBuildConfiguration section */

/* Begin XCConfigurationList section */
		DC38F5EB226F1F120078F8C6 /* Build configuration list for PBXProject "UpArpuAneTTAdapter" */ = {
			isa = XCConfigurationList;
			buildConfigurations = (
				DC38F5F7226F1F120078F8C6 /* Debug */,
				DC38F5F8226F1F120078F8C6 /* Release */,
			);
			defaultConfigurationIsVisible = 0;
			defaultConfigurationName = Release;
		};
		DC38F5F9226F1F120078F8C6 /* Build configuration list for PBXNativeTarget "UpArpuAneTTAdapter" */ = {
			isa = XCConfigurationList;
			buildConfigurations = (
				DC38F5FA226F1F120078F8C6 /* Debug */,
				DC38F5FB226F1F120078F8C6 /* Release */,
			);
			defaultConfigurationIsVisible = 0;
			defaultConfigurationName = Release;
		};
		DC38F5FE226F1FD70078F8C6 /* Build configuration list for PBXAggregateTarget "build_script" */ = {
			isa = XCConfigurationList;
			buildConfigurations = (
				DC38F5FF226F1FD70078F8C6 /* Debug */,
				DC38F600226F1FD70078F8C6 /* Release */,
			);
			defaultConfigurationIsVisible = 0;
			defaultConfigurationName = Release;
		};
		DC8275862276E00000023F61 /* Build configuration list for PBXNativeTarget "UpArpuAdapterTiktok" */ = {
			isa = XCConfigurationList;
			buildConfigurations = (
				DC8275842276E00000023F61 /* Debug */,
				DC8275852276E00000023F61 /* Release */,
			);
			defaultConfigurationIsVisible = 0;
			defaultConfigurationName = Release;
		};
/* End XCConfigurationList section */
	};
	rootObject = DC38F5E8226F1F120078F8C6 /* Project object */;
}
