// !$*UTF8*$!
{
	archiveVersion = 1;
	classes = {
	};
	objectVersion = 50;
	objects = {

/* Begin PBXAggregateTarget section */
		DC38F5B2226F0C610078F8C6 /* build_script */ = {
			isa = PBXAggregateTarget;
			buildConfigurationList = DC38F5B3226F0C610078F8C6 /* Build configuration list for PBXAggregateTarget "build_script" */;
			buildPhases = (
				DC38F5B6226F0C6D0078F8C6 /* ShellScript */,
			);
			dependencies = (
			);
			name = build_script;
			productName = build_script;
		};
/* End PBXAggregateTarget section */

/* Begin PBXBuildFile section */
		DC38F5AA226F0B900078F8C6 /* UpArpuAneAdmobAdapter.m in Sources */ = {isa = PBXBuildFile; fileRef = DC38F5A9226F0B900078F8C6 /* UpArpuAneAdmobAdapter.m */; };
		DC38F5AB226F0B900078F8C6 /* UpArpuAneAdmobAdapter.h in CopyFiles */ = {isa = PBXBuildFile; fileRef = DC38F5A8226F0B900078F8C6 /* UpArpuAneAdmobAdapter.h */; };
/* End PBXBuildFile section */

/* Begin PBXCopyFilesBuildPhase section */
		DC38F5A3226F0B900078F8C6 /* CopyFiles */ = {
			isa = PBXCopyFilesBuildPhase;
			buildActionMask = 2147483647;
			dstPath = "include/$(PRODUCT_NAME)";
			dstSubfolderSpec = 16;
			files = (
				DC38F5AB226F0B900078F8C6 /* UpArpuAneAdmobAdapter.h in CopyFiles */,
			);
			runOnlyForDeploymentPostprocessing = 0;
		};
/* End PBXCopyFilesBuildPhase section */

/* Begin PBXFileReference section */
		DC38F5A5226F0B900078F8C6 /* libUpArpuAneAdmobAdapter.a */ = {isa = PBXFileReference; explicitFileType = archive.ar; includeInIndex = 0; path = libUpArpuAneAdmobAdapter.a; sourceTree = BUILT_PRODUCTS_DIR; };
		DC38F5A8226F0B900078F8C6 /* UpArpuAneAdmobAdapter.h */ = {isa = PBXFileReference; lastKnownFileType = sourcecode.c.h; path = UpArpuAneAdmobAdapter.h; sourceTree = "<group>"; };
		DC38F5A9226F0B900078F8C6 /* UpArpuAneAdmobAdapter.m */ = {isa = PBXFileReference; lastKnownFileType = sourcecode.c.objc; path = UpArpuAneAdmobAdapter.m; sourceTree = "<group>"; };
		DC4D7DB32280128600263AED /* FlashRuntimeExtensions.h */ = {isa = PBXFileReference; fileEncoding = 4; lastKnownFileType = sourcecode.c.h; path = FlashRuntimeExtensions.h; sourceTree = "<group>"; };
/* End PBXFileReference section */

/* Begin PBXFrameworksBuildPhase section */
		DC38F5A2226F0B900078F8C6 /* Frameworks */ = {
			isa = PBXFrameworksBuildPhase;
			buildActionMask = 2147483647;
			files = (
			);
			runOnlyForDeploymentPostprocessing = 0;
		};
/* End PBXFrameworksBuildPhase section */

/* Begin PBXGroup section */
		DC38F59C226F0B8F0078F8C6 = {
			isa = PBXGroup;
			children = (
				DC38F5A7226F0B900078F8C6 /* UpArpuAneAdmobAdapter */,
				DC38F5A6226F0B900078F8C6 /* Products */,
			);
			sourceTree = "<group>";
		};
		DC38F5A6226F0B900078F8C6 /* Products */ = {
			isa = PBXGroup;
			children = (
				DC38F5A5226F0B900078F8C6 /* libUpArpuAneAdmobAdapter.a */,
			);
			name = Products;
			sourceTree = "<group>";
		};
		DC38F5A7226F0B900078F8C6 /* UpArpuAneAdmobAdapter */ = {
			isa = PBXGroup;
			children = (
				DC4D7DB32280128600263AED /* FlashRuntimeExtensions.h */,
				DC38F5A8226F0B900078F8C6 /* UpArpuAneAdmobAdapter.h */,
				DC38F5A9226F0B900078F8C6 /* UpArpuAneAdmobAdapter.m */,
			);
			path = UpArpuAneAdmobAdapter;
			sourceTree = "<group>";
		};
/* End PBXGroup section */

/* Begin PBXNativeTarget section */
		DC38F5A4226F0B900078F8C6 /* UpArpuAneAdmobAdapter */ = {
			isa = PBXNativeTarget;
			buildConfigurationList = DC38F5AE226F0B900078F8C6 /* Build configuration list for PBXNativeTarget "UpArpuAneAdmobAdapter" */;
			buildPhases = (
				DC38F5A1226F0B900078F8C6 /* Sources */,
				DC38F5A2226F0B900078F8C6 /* Frameworks */,
				DC38F5A3226F0B900078F8C6 /* CopyFiles */,
			);
			buildRules = (
			);
			dependencies = (
			);
			name = UpArpuAneAdmobAdapter;
			productName = UpArpuAneAdmobAdapter;
			productReference = DC38F5A5226F0B900078F8C6 /* libUpArpuAneAdmobAdapter.a */;
			productType = "com.apple.product-type.library.static";
		};
/* End PBXNativeTarget section */

/* Begin PBXProject section */
		DC38F59D226F0B8F0078F8C6 /* Project object */ = {
			isa = PBXProject;
			attributes = {
				LastUpgradeCheck = 1020;
				ORGANIZATIONNAME = uparpu;
				TargetAttributes = {
					DC38F5A4226F0B900078F8C6 = {
						CreatedOnToolsVersion = 10.2;
					};
					DC38F5B2226F0C610078F8C6 = {
						CreatedOnToolsVersion = 10.2;
					};
				};
			};
			buildConfigurationList = DC38F5A0226F0B8F0078F8C6 /* Build configuration list for PBXProject "UpArpuAneAdmobAdapter" */;
			compatibilityVersion = "Xcode 9.3";
			developmentRegion = en;
			hasScannedForEncodings = 0;
			knownRegions = (
				en,
			);
			mainGroup = DC38F59C226F0B8F0078F8C6;
			productRefGroup = DC38F5A6226F0B900078F8C6 /* Products */;
			projectDirPath = "";
			projectRoot = "";
			targets = (
				DC38F5A4226F0B900078F8C6 /* UpArpuAneAdmobAdapter */,
				DC38F5B2226F0C610078F8C6 /* build_script */,
			);
		};
/* End PBXProject section */

/* Begin PBXShellScriptBuildPhase section */
		DC38F5B6226F0C6D0078F8C6 /* ShellScript */ = {
			isa = PBXShellScriptBuildPhase;
			buildActionMask = 2147483647;
			files = (
			);
			inputFileListPaths = (
			);
			inputPaths = (
			);
			outputFileListPaths = (
			);
			outputPaths = (
			);
			runOnlyForDeploymentPostprocessing = 0;
			shellPath = /bin/sh;
			shellScript = "# Sets the target folders and the final framework product.\n# 如果工程名称和Framework的Target名称不一样的话，要自定义FMKNAME\n# 例如: FMK_NAME = \"MyFramework\"\nLIB_NAME=${PROJECT_NAME}\n#define the version you want,including release and debug\nTARGET_VERSION=\"Release\"\n# define output folder environment variable\nUNIVERSAL_OUTPUTFOLDER=${SRCROOT}/${TARGET_VERSION}-universal\n\n# Step 1. Build Device and Simulator versions\nxcodebuild -target \"${LIB_NAME}\" ONLY_ACTIVE_ARCH=NO -configuration ${TARGET_VERSION} -sdk iphoneos  -arch \"arm64\" -arch \"armv7\" -arch \"armv7s\" BUILD_DIR=\"${BUILD_DIR}\" BUILD_ROOT=\"${BUILD_ROOT}\" clean build\nxcodebuild -target \"${LIB_NAME}\" ONLY_ACTIVE_ARCH=NO -configuration ${TARGET_VERSION} -sdk iphonesimulator -arch \"i386\" -arch \"x86_64\" BUILD_DIR=\"${BUILD_DIR}\" BUILD_ROOT=\"${BUILD_ROOT}\" clean build\n\n# Cleaning the oldest.\nif [ -d \"${UNIVERSAL_OUTPUTFOLDER}\" ]\nthen\nrm -rf \"${UNIVERSAL_OUTPUTFOLDER}\"\nfi\n#create the folder\nmkdir -p \"${UNIVERSAL_OUTPUTFOLDER}\"\n\n# Step 2. Create universal binary file using lipo\nlipo -create -output \"${UNIVERSAL_OUTPUTFOLDER}/lib${PROJECT_NAME}.a\" \"${BUILD_DIR}/${TARGET_VERSION}-iphoneos/lib${PROJECT_NAME}.a\" \"${BUILD_DIR}/${TARGET_VERSION}-iphonesimulator/lib${PROJECT_NAME}.a\"\nrm -rf \"${SRCROOT}/build\"\nopen \"${UNIVERSAL_OUTPUTFOLDER}\"\n\n\n\n";
		};
/* End PBXShellScriptBuildPhase section */

/* Begin PBXSourcesBuildPhase section */
		DC38F5A1226F0B900078F8C6 /* Sources */ = {
			isa = PBXSourcesBuildPhase;
			buildActionMask = 2147483647;
			files = (
				DC38F5AA226F0B900078F8C6 /* UpArpuAneAdmobAdapter.m in Sources */,
			);
			runOnlyForDeploymentPostprocessing = 0;
		};
/* End PBXSourcesBuildPhase section */

/* Begin XCBuildConfiguration section */
		DC38F5AC226F0B900078F8C6 /* Debug */ = {
			isa = XCBuildConfiguration;
			buildSettings = {
				ALWAYS_SEARCH_USER_PATHS = NO;
				CLANG_ANALYZER_NONNULL = YES;
				CLANG_ANALYZER_NUMBER_OBJECT_CONVERSION = YES_AGGRESSIVE;
				CLANG_CXX_LANGUAGE_STANDARD = "gnu++14";
				CLANG_CXX_LIBRARY = "libc++";
				CLANG_ENABLE_MODULES = YES;
				CLANG_ENABLE_OBJC_ARC = YES;
				CLANG_ENABLE_OBJC_WEAK = YES;
				CLANG_WARN_BLOCK_CAPTURE_AUTORELEASING = YES;
				CLANG_WARN_BOOL_CONVERSION = YES;
				CLANG_WARN_COMMA = YES;
				CLANG_WARN_CONSTANT_CONVERSION = YES;
				CLANG_WARN_DEPRECATED_OBJC_IMPLEMENTATIONS = YES;
				CLANG_WARN_DIRECT_OBJC_ISA_USAGE = YES_ERROR;
				CLANG_WARN_DOCUMENTATION_COMMENTS = YES;
				CLANG_WARN_EMPTY_BODY = YES;
				CLANG_WARN_ENUM_CONVERSION = YES;
				CLANG_WARN_INFINITE_RECURSION = YES;
				CLANG_WARN_INT_CONVERSION = YES;
				CLANG_WARN_NON_LITERAL_NULL_CONVERSION = YES;
				CLANG_WARN_OBJC_IMPLICIT_RETAIN_SELF = YES;
				CLANG_WARN_OBJC_LITERAL_CONVERSION = YES;
				CLANG_WARN_OBJC_ROOT_CLASS = YES_ERROR;
				CLANG_WARN_RANGE_LOOP_ANALYSIS = YES;
				CLANG_WARN_STRICT_PROTOTYPES = YES;
				CLANG_WARN_SUSPICIOUS_MOVE = YES;
				CLANG_WARN_UNGUARDED_AVAILABILITY = YES_AGGRESSIVE;
				CLANG_WARN_UNREACHABLE_CODE = YES;
				CLANG_WARN__DUPLICATE_METHOD_MATCH = YES;
				CODE_SIGN_IDENTITY = "iPhone Developer";
				COPY_PHASE_STRIP = NO;
				DEBUG_INFORMATION_FORMAT = dwarf;
				ENABLE_STRICT_OBJC_MSGSEND = YES;
				ENABLE_TESTABILITY = YES;
				GCC_C_LANGUAGE_STANDARD = gnu11;
				GCC_DYNAMIC_NO_PIC = NO;
				GCC_NO_COMMON_BLOCKS = YES;
				GCC_OPTIMIZATION_LEVEL = 0;
				GCC_PREPROCESSOR_DEFINITIONS = (
					"DEBUG=1",
					"$(inherited)",
				);
				GCC_WARN_64_TO_32_BIT_CONVERSION = YES;
				GCC_WARN_ABOUT_RETURN_TYPE = YES_ERROR;
				GCC_WARN_UNDECLARED_SELECTOR = YES;
				GCC_WARN_UNINITIALIZED_AUTOS = YES_AGGRESSIVE;
				GCC_WARN_UNUSED_FUNCTION = YES;
				GCC_WARN_UNUSED_VARIABLE = YES;
				IPHONEOS_DEPLOYMENT_TARGET = 8.0;
				MTL_ENABLE_DEBUG_INFO = INCLUDE_SOURCE;
				MTL_FAST_MATH = YES;
				ONLY_ACTIVE_ARCH = YES;
				SDKROOT = iphoneos;
			};
			name = Debug;
		};
		DC38F5AD226F0B900078F8C6 /* Release */ = {
			isa = XCBuildConfiguration;
			buildSettings = {
				ALWAYS_SEARCH_USER_PATHS = NO;
				CLANG_ANALYZER_NONNULL = YES;
				CLANG_ANALYZER_NUMBER_OBJECT_CONVERSION = YES_AGGRESSIVE;
				CLANG_CXX_LANGUAGE_STANDARD = "gnu++14";
				CLANG_CXX_LIBRARY = "libc++";
				CLANG_ENABLE_MODULES = YES;
				CLANG_ENABLE_OBJC_ARC = YES;
				CLANG_ENABLE_OBJC_WEAK = YES;
				CLANG_WARN_BLOCK_CAPTURE_AUTORELEASING = YES;
				CLANG_WARN_BOOL_CONVERSION = YES;
				CLANG_WARN_COMMA = YES;
				CLANG_WARN_CONSTANT_CONVERSION = YES;
				CLANG_WARN_DEPRECATED_OBJC_IMPLEMENTATIONS = YES;
				CLANG_WARN_DIRECT_OBJC_ISA_USAGE = YES_ERROR;
				CLANG_WARN_DOCUMENTATION_COMMENTS = YES;
				CLANG_WARN_EMPTY_BODY = YES;
				CLANG_WARN_ENUM_CONVERSION = YES;
				CLANG_WARN_INFINITE_RECURSION = YES;
				CLANG_WARN_INT_CONVERSION = YES;
				CLANG_WARN_NON_LITERAL_NULL_CONVERSION = YES;
				CLANG_WARN_OBJC_IMPLICIT_RETAIN_SELF = YES;
				CLANG_WARN_OBJC_LITERAL_CONVERSION = YES;
				CLANG_WARN_OBJC_ROOT_CLASS = YES_ERROR;
				CLANG_WARN_RANGE_LOOP_ANALYSIS = YES;
				CLANG_WARN_STRICT_PROTOTYPES = YES;
				CLANG_WARN_SUSPICIOUS_MOVE = YES;
				CLANG_WARN_UNGUARDED_AVAILABILITY = YES_AGGRESSIVE;
				CLANG_WARN_UNREACHABLE_CODE = YES;
				CLANG_WARN__DUPLICATE_METHOD_MATCH = YES;
				CODE_SIGN_IDENTITY = "iPhone Developer";
				COPY_PHASE_STRIP = NO;
				DEBUG_INFORMATION_FORMAT = "dwarf-with-dsym";
				ENABLE_NS_ASSERTIONS = NO;
				ENABLE_STRICT_OBJC_MSGSEND = YES;
				GCC_C_LANGUAGE_STANDARD = gnu11;
				GCC_NO_COMMON_BLOCKS = YES;
				GCC_WARN_64_TO_32_BIT_CONVERSION = YES;
				GCC_WARN_ABOUT_RETURN_TYPE = YES_ERROR;
				GCC_WARN_UNDECLARED_SELECTOR = YES;
				GCC_WARN_UNINITIALIZED_AUTOS = YES_AGGRESSIVE;
				GCC_WARN_UNUSED_FUNCTION = YES;
				GCC_WARN_UNUSED_VARIABLE = YES;
				IPHONEOS_DEPLOYMENT_TARGET = 8.0;
				MTL_ENABLE_DEBUG_INFO = NO;
				MTL_FAST_MATH = YES;
				SDKROOT = iphoneos;
				VALIDATE_PRODUCT = YES;
			};
			name = Release;
		};
		DC38F5AF226F0B900078F8C6 /* Debug */ = {
			isa = XCBuildConfiguration;
			buildSettings = {
				CODE_SIGN_STYLE = Automatic;
				DEVELOPMENT_TEAM = 6YXYV74FF7;
				OTHER_LDFLAGS = "-ObjC";
				PRODUCT_NAME = "$(TARGET_NAME)";
				SKIP_INSTALL = YES;
				TARGETED_DEVICE_FAMILY = "1,2";
			};
			name = Debug;
		};
		DC38F5B0226F0B900078F8C6 /* Release */ = {
			isa = XCBuildConfiguration;
			buildSettings = {
				CODE_SIGN_STYLE = Automatic;
				DEVELOPMENT_TEAM = 6YXYV74FF7;
				OTHER_LDFLAGS = "-ObjC";
				PRODUCT_NAME = "$(TARGET_NAME)";
				SKIP_INSTALL = YES;
				TARGETED_DEVICE_FAMILY = "1,2";
			};
			name = Release;
		};
		DC38F5B4226F0C610078F8C6 /* Debug */ = {
			isa = XCBuildConfiguration;
			buildSettings = {
				CODE_SIGN_STYLE = Automatic;
				DEVELOPMENT_TEAM = 6YXYV74FF7;
				PRODUCT_NAME = "$(TARGET_NAME)";
			};
			name = Debug;
		};
		DC38F5B5226F0C610078F8C6 /* Release */ = {
			isa = XCBuildConfiguration;
			buildSettings = {
				CODE_SIGN_STYLE = Automatic;
				DEVELOPMENT_TEAM = 6YXYV74FF7;
				PRODUCT_NAME = "$(TARGET_NAME)";
			};
			name = Release;
		};
/* End XCBuildConfiguration section */

/* Begin XCConfigurationList section */
		DC38F5A0226F0B8F0078F8C6 /* Build configuration list for PBXProject "UpArpuAneAdmobAdapter" */ = {
			isa = XCConfigurationList;
			buildConfigurations = (
				DC38F5AC226F0B900078F8C6 /* Debug */,
				DC38F5AD226F0B900078F8C6 /* Release */,
			);
			defaultConfigurationIsVisible = 0;
			defaultConfigurationName = Release;
		};
		DC38F5AE226F0B900078F8C6 /* Build configuration list for PBXNativeTarget "UpArpuAneAdmobAdapter" */ = {
			isa = XCConfigurationList;
			buildConfigurations = (
				DC38F5AF226F0B900078F8C6 /* Debug */,
				DC38F5B0226F0B900078F8C6 /* Release */,
			);
			defaultConfigurationIsVisible = 0;
			defaultConfigurationName = Release;
		};
		DC38F5B3226F0C610078F8C6 /* Build configuration list for PBXAggregateTarget "build_script" */ = {
			isa = XCConfigurationList;
			buildConfigurations = (
				DC38F5B4226F0C610078F8C6 /* Debug */,
				DC38F5B5226F0C610078F8C6 /* Release */,
			);
			defaultConfigurationIsVisible = 0;
			defaultConfigurationName = Release;
		};
/* End XCConfigurationList section */
	};
	rootObject = DC38F59D226F0B8F0078F8C6 /* Project object */;
}
