// !$*UTF8*$!
{
	archiveVersion = 1;
	classes = {
	};
	objectVersion = 50;
	objects = {

/* Begin PBXAggregateTarget section */
		DC38F5FD226F1FD70078F8C6 /* build_script */ = {
			isa = PBXAggregateTarget;
			buildConfigurationList = DC38F5FE226F1FD70078F8C6 /* Build configuration list for PBXAggregateTarget "build_script" */;
			buildPhases = (
				DC38F601226F1FEE0078F8C6 /* ShellScript */,
			);
			dependencies = (
			);
			name = build_script;
			productName = build_script;
		};
/* End PBXAggregateTarget section */

/* Begin PBXBuildFile section */
		DC8275832276E00000023F61 /* ATAdapterTiktok.h in Headers */ = {isa = PBXBuildFile; fileRef = DC8275812276E00000023F61 /* ATAdapterTiktok.h */; settings = {ATTRIBUTES = (Public, ); }; };
		DCDB488523F28A7900EEBC38 /* ATAneTTAdapter.m in Sources */ = {isa = PBXBuildFile; fileRef = DCDB488223F28A7900EEBC38 /* ATAneTTAdapter.m */; };
		DCDB48A423F28AE800EEBC38 /* BUNativeExpressSplashView.h in Headers */ = {isa = PBXBuildFile; fileRef = DCDB488623F28AE400EEBC38 /* BUNativeExpressSplashView.h */; };
		DCDB48A523F28AE800EEBC38 /* BUNativeExpressAdView.h in Headers */ = {isa = PBXBuildFile; fileRef = DCDB488723F28AE500EEBC38 /* BUNativeExpressAdView.h */; };
		DCDB48A623F28AE800EEBC38 /* BUVideoAdView.h in Headers */ = {isa = PBXBuildFile; fileRef = DCDB488823F28AE500EEBC38 /* BUVideoAdView.h */; };
		DCDB48A723F28AE800EEBC38 /* BUAdSlot.h in Headers */ = {isa = PBXBuildFile; fileRef = DCDB488923F28AE500EEBC38 /* BUAdSlot.h */; };
		DCDB48A823F28AE800EEBC38 /* BUMaterialMeta.h in Headers */ = {isa = PBXBuildFile; fileRef = DCDB488A23F28AE500EEBC38 /* BUMaterialMeta.h */; };
		DCDB48A923F28AE800EEBC38 /* BUNativeExpressFullscreenVideoAd.h in Headers */ = {isa = PBXBuildFile; fileRef = DCDB488B23F28AE500EEBC38 /* BUNativeExpressFullscreenVideoAd.h */; };
		DCDB48AA23F28AE800EEBC38 /* BUAdSDKError.h in Headers */ = {isa = PBXBuildFile; fileRef = DCDB488C23F28AE500EEBC38 /* BUAdSDKError.h */; };
		DCDB48AB23F28AE800EEBC38 /* BUAdSDKPlayableToolManager.h in Headers */ = {isa = PBXBuildFile; fileRef = DCDB488D23F28AE500EEBC38 /* BUAdSDKPlayableToolManager.h */; };
		DCDB48AC23F28AE800EEBC38 /* BUNativeAdsManager.h in Headers */ = {isa = PBXBuildFile; fileRef = DCDB488E23F28AE500EEBC38 /* BUNativeAdsManager.h */; };
		DCDB48AD23F28AE800EEBC38 /* BUSplashAdView.h in Headers */ = {isa = PBXBuildFile; fileRef = DCDB488F23F28AE500EEBC38 /* BUSplashAdView.h */; };
		DCDB48AE23F28AE800EEBC38 /* BUDislikeWords.h in Headers */ = {isa = PBXBuildFile; fileRef = DCDB489023F28AE500EEBC38 /* BUDislikeWords.h */; };
		DCDB48AF23F28AE800EEBC38 /* BUAdSDK.a in Frameworks */ = {isa = PBXBuildFile; fileRef = DCDB489123F28AE500EEBC38 /* BUAdSDK.a */; };
		DCDB48B023F28AE800EEBC38 /* BUInterstitialAd.h in Headers */ = {isa = PBXBuildFile; fileRef = DCDB489223F28AE500EEBC38 /* BUInterstitialAd.h */; };
		DCDB48B123F28AE800EEBC38 /* BUPlayerPublicDefine.h in Headers */ = {isa = PBXBuildFile; fileRef = DCDB489323F28AE600EEBC38 /* BUPlayerPublicDefine.h */; };
		DCDB48B223F28AE800EEBC38 /* BUBannerAdView.h in Headers */ = {isa = PBXBuildFile; fileRef = DCDB489423F28AE600EEBC38 /* BUBannerAdView.h */; };
		DCDB48B323F28AE800EEBC38 /* BUFullscreenVideoAd.h in Headers */ = {isa = PBXBuildFile; fileRef = DCDB489523F28AE600EEBC38 /* BUFullscreenVideoAd.h */; };
		DCDB48B423F28AE800EEBC38 /* BUAdSDKDefines.h in Headers */ = {isa = PBXBuildFile; fileRef = DCDB489623F28AE600EEBC38 /* BUAdSDKDefines.h */; };
		DCDB48B523F28AE800EEBC38 /* BUNativeExpressInterstitialAd.h in Headers */ = {isa = PBXBuildFile; fileRef = DCDB489723F28AE600EEBC38 /* BUNativeExpressInterstitialAd.h */; };
		DCDB48B623F28AE800EEBC38 /* BUNativeExpressAdManager.h in Headers */ = {isa = PBXBuildFile; fileRef = DCDB489823F28AE600EEBC38 /* BUNativeExpressAdManager.h */; };
		DCDB48B723F28AE800EEBC38 /* BUSize.h in Headers */ = {isa = PBXBuildFile; fileRef = DCDB489923F28AE600EEBC38 /* BUSize.h */; };
		DCDB48B823F28AE800EEBC38 /* BUNativeAdRelatedView.h in Headers */ = {isa = PBXBuildFile; fileRef = DCDB489A23F28AE700EEBC38 /* BUNativeAdRelatedView.h */; };
		DCDB48B923F28AE800EEBC38 /* BUAdSDK.h in Headers */ = {isa = PBXBuildFile; fileRef = DCDB489B23F28AE700EEBC38 /* BUAdSDK.h */; };
		DCDB48BA23F28AE800EEBC38 /* BUAdSDKManager.h in Headers */ = {isa = PBXBuildFile; fileRef = DCDB489C23F28AE700EEBC38 /* BUAdSDKManager.h */; };
		DCDB48BB23F28AE800EEBC38 /* BUNativeExpressBannerView.h in Headers */ = {isa = PBXBuildFile; fileRef = DCDB489D23F28AE700EEBC38 /* BUNativeExpressBannerView.h */; };
		DCDB48BC23F28AE800EEBC38 /* BUNativeExpressRewardedVideoAd.h in Headers */ = {isa = PBXBuildFile; fileRef = DCDB489E23F28AE700EEBC38 /* BUNativeExpressRewardedVideoAd.h */; };
		DCDB48BD23F28AE800EEBC38 /* BURewardedVideoModel.h in Headers */ = {isa = PBXBuildFile; fileRef = DCDB489F23F28AE700EEBC38 /* BURewardedVideoModel.h */; };
		DCDB48BE23F28AE800EEBC38 /* BUDislike.h in Headers */ = {isa = PBXBuildFile; fileRef = DCDB48A023F28AE700EEBC38 /* BUDislike.h */; };
		DCDB48BF23F28AE800EEBC38 /* BURewardedVideoAd.h in Headers */ = {isa = PBXBuildFile; fileRef = DCDB48A123F28AE700EEBC38 /* BURewardedVideoAd.h */; };
		DCDB48C023F28AE800EEBC38 /* BUImage.h in Headers */ = {isa = PBXBuildFile; fileRef = DCDB48A223F28AE800EEBC38 /* BUImage.h */; };
		DCDB48C123F28AE800EEBC38 /* BUNativeAd.h in Headers */ = {isa = PBXBuildFile; fileRef = DCDB48A323F28AE800EEBC38 /* BUNativeAd.h */; };
/* End PBXBuildFile section */

/* Begin PBXCopyFilesBuildPhase section */
		DC38F5EE226F1F120078F8C6 /* CopyFiles */ = {
			isa = PBXCopyFilesBuildPhase;
			buildActionMask = 2147483647;
			dstPath = "include/$(PRODUCT_NAME)";
			dstSubfolderSpec = 16;
			files = (
			);
			runOnlyForDeploymentPostprocessing = 0;
		};
/* End PBXCopyFilesBuildPhase section */

/* Begin PBXFileReference section */
		DC38F5F0226F1F120078F8C6 /* libATAneTTAdapter.a */ = {isa = PBXFileReference; explicitFileType = archive.ar; includeInIndex = 0; path = libATAneTTAdapter.a; sourceTree = BUILT_PRODUCTS_DIR; };
		DC82757F2276E00000023F61 /* ATAdapterTiktok.framework */ = {isa = PBXFileReference; explicitFileType = wrapper.framework; includeInIndex = 0; path = ATAdapterTiktok.framework; sourceTree = BUILT_PRODUCTS_DIR; };
		DC8275812276E00000023F61 /* ATAdapterTiktok.h */ = {isa = PBXFileReference; lastKnownFileType = sourcecode.c.h; path = ATAdapterTiktok.h; sourceTree = "<group>"; };
		DC8275822276E00000023F61 /* Info.plist */ = {isa = PBXFileReference; lastKnownFileType = text.plist.xml; path = Info.plist; sourceTree = "<group>"; };
		DCDB488223F28A7900EEBC38 /* ATAneTTAdapter.m */ = {isa = PBXFileReference; fileEncoding = 4; lastKnownFileType = sourcecode.c.objc; path = ATAneTTAdapter.m; sourceTree = "<group>"; };
		DCDB488323F28A7900EEBC38 /* FlashRuntimeExtensions.h */ = {isa = PBXFileReference; fileEncoding = 4; lastKnownFileType = sourcecode.c.h; path = FlashRuntimeExtensions.h; sourceTree = "<group>"; };
		DCDB488423F28A7900EEBC38 /* ATAneTTAdapter.h */ = {isa = PBXFileReference; fileEncoding = 4; lastKnownFileType = sourcecode.c.h; path = ATAneTTAdapter.h; sourceTree = "<group>"; };
		DCDB488623F28AE400EEBC38 /* BUNativeExpressSplashView.h */ = {isa = PBXFileReference; fileEncoding = 4; lastKnownFileType = sourcecode.c.h; name = BUNativeExpressSplashView.h; path = ../../sdk/toutiao/BUNativeExpressSplashView.h; sourceTree = "<group>"; };
		DCDB488723F28AE500EEBC38 /* BUNativeExpressAdView.h */ = {isa = PBXFileReference; fileEncoding = 4; lastKnownFileType = sourcecode.c.h; name = BUNativeExpressAdView.h; path = ../../sdk/toutiao/BUNativeExpressAdView.h; sourceTree = "<group>"; };
		DCDB488823F28AE500EEBC38 /* BUVideoAdView.h */ = {isa = PBXFileReference; fileEncoding = 4; lastKnownFileType = sourcecode.c.h; name = BUVideoAdView.h; path = ../../sdk/toutiao/BUVideoAdView.h; sourceTree = "<group>"; };
		DCDB488923F28AE500EEBC38 /* BUAdSlot.h */ = {isa = PBXFileReference; fileEncoding = 4; lastKnownFileType = sourcecode.c.h; name = BUAdSlot.h; path = ../../sdk/toutiao/BUAdSlot.h; sourceTree = "<group>"; };
		DCDB488A23F28AE500EEBC38 /* BUMaterialMeta.h */ = {isa = PBXFileReference; fileEncoding = 4; lastKnownFileType = sourcecode.c.h; name = BUMaterialMeta.h; path = ../../sdk/toutiao/BUMaterialMeta.h; sourceTree = "<group>"; };
		DCDB488B23F28AE500EEBC38 /* BUNativeExpressFullscreenVideoAd.h */ = {isa = PBXFileReference; fileEncoding = 4; lastKnownFileType = sourcecode.c.h; name = BUNativeExpressFullscreenVideoAd.h; path = ../../sdk/toutiao/BUNativeExpressFullscreenVideoAd.h; sourceTree = "<group>"; };
		DCDB488C23F28AE500EEBC38 /* BUAdSDKError.h */ = {isa = PBXFileReference; fileEncoding = 4; lastKnownFileType = sourcecode.c.h; name = BUAdSDKError.h; path = ../../sdk/toutiao/BUAdSDKError.h; sourceTree = "<group>"; };
		DCDB488D23F28AE500EEBC38 /* BUAdSDKPlayableToolManager.h */ = {isa = PBXFileReference; fileEncoding = 4; lastKnownFileType = sourcecode.c.h; name = BUAdSDKPlayableToolManager.h; path = ../../sdk/toutiao/BUAdSDKPlayableToolManager.h; sourceTree = "<group>"; };
		DCDB488E23F28AE500EEBC38 /* BUNativeAdsManager.h */ = {isa = PBXFileReference; fileEncoding = 4; lastKnownFileType = sourcecode.c.h; name = BUNativeAdsManager.h; path = ../../sdk/toutiao/BUNativeAdsManager.h; sourceTree = "<group>"; };
		DCDB488F23F28AE500EEBC38 /* BUSplashAdView.h */ = {isa = PBXFileReference; fileEncoding = 4; lastKnownFileType = sourcecode.c.h; name = BUSplashAdView.h; path = ../../sdk/toutiao/BUSplashAdView.h; sourceTree = "<group>"; };
		DCDB489023F28AE500EEBC38 /* BUDislikeWords.h */ = {isa = PBXFileReference; fileEncoding = 4; lastKnownFileType = sourcecode.c.h; name = BUDislikeWords.h; path = ../../sdk/toutiao/BUDislikeWords.h; sourceTree = "<group>"; };
		DCDB489123F28AE500EEBC38 /* BUAdSDK.a */ = {isa = PBXFileReference; lastKnownFileType = archive.ar; name = BUAdSDK.a; path = ../../sdk/toutiao/BUAdSDK.a; sourceTree = "<group>"; };
		DCDB489223F28AE500EEBC38 /* BUInterstitialAd.h */ = {isa = PBXFileReference; fileEncoding = 4; lastKnownFileType = sourcecode.c.h; name = BUInterstitialAd.h; path = ../../sdk/toutiao/BUInterstitialAd.h; sourceTree = "<group>"; };
		DCDB489323F28AE600EEBC38 /* BUPlayerPublicDefine.h */ = {isa = PBXFileReference; fileEncoding = 4; lastKnownFileType = sourcecode.c.h; name = BUPlayerPublicDefine.h; path = ../../sdk/toutiao/BUPlayerPublicDefine.h; sourceTree = "<group>"; };
		DCDB489423F28AE600EEBC38 /* BUBannerAdView.h */ = {isa = PBXFileReference; fileEncoding = 4; lastKnownFileType = sourcecode.c.h; name = BUBannerAdView.h; path = ../../sdk/toutiao/BUBannerAdView.h; sourceTree = "<group>"; };
		DCDB489523F28AE600EEBC38 /* BUFullscreenVideoAd.h */ = {isa = PBXFileReference; fileEncoding = 4; lastKnownFileType = sourcecode.c.h; name = BUFullscreenVideoAd.h; path = ../../sdk/toutiao/BUFullscreenVideoAd.h; sourceTree = "<group>"; };
		DCDB489623F28AE600EEBC38 /* BUAdSDKDefines.h */ = {isa = PBXFileReference; fileEncoding = 4; lastKnownFileType = sourcecode.c.h; name = BUAdSDKDefines.h; path = ../../sdk/toutiao/BUAdSDKDefines.h; sourceTree = "<group>"; };
		DCDB489723F28AE600EEBC38 /* BUNativeExpressInterstitialAd.h */ = {isa = PBXFileReference; fileEncoding = 4; lastKnownFileType = sourcecode.c.h; name = BUNativeExpressInterstitialAd.h; path = ../../sdk/toutiao/BUNativeExpressInterstitialAd.h; sourceTree = "<group>"; };
		DCDB489823F28AE600EEBC38 /* BUNativeExpressAdManager.h */ = {isa = PBXFileReference; fileEncoding = 4; lastKnownFileType = sourcecode.c.h; name = BUNativeExpressAdManager.h; path = ../../sdk/toutiao/BUNativeExpressAdManager.h; sourceTree = "<group>"; };
		DCDB489923F28AE600EEBC38 /* BUSize.h */ = {isa = PBXFileReference; fileEncoding = 4; lastKnownFileType = sourcecode.c.h; name = BUSize.h; path = ../../sdk/toutiao/BUSize.h; sourceTree = "<group>"; };
		DCDB489A23F28AE700EEBC38 /* BUNativeAdRelatedView.h */ = {isa = PBXFileReference; fileEncoding = 4; lastKnownFileType = sourcecode.c.h; name = BUNativeAdRelatedView.h; path = ../../sdk/toutiao/BUNativeAdRelatedView.h; sourceTree = "<group>"; };
		DCDB489B23F28AE700EEBC38 /* BUAdSDK.h */ = {isa = PBXFileReference; fileEncoding = 4; lastKnownFileType = sourcecode.c.h; name = BUAdSDK.h; path = ../../sdk/toutiao/BUAdSDK.h; sourceTree = "<group>"; };
		DCDB489C23F28AE700EEBC38 /* BUAdSDKManager.h */ = {isa = PBXFileReference; fileEncoding = 4; lastKnownFileType = sourcecode.c.h; name = BUAdSDKManager.h; path = ../../sdk/toutiao/BUAdSDKManager.h; sourceTree = "<group>"; };
		DCDB489D23F28AE700EEBC38 /* BUNativeExpressBannerView.h */ = {isa = PBXFileReference; fileEncoding = 4; lastKnownFileType = sourcecode.c.h; name = BUNativeExpressBannerView.h; path = ../../sdk/toutiao/BUNativeExpressBannerView.h; sourceTree = "<group>"; };
		DCDB489E23F28AE700EEBC38 /* BUNativeExpressRewardedVideoAd.h */ = {isa = PBXFileReference; fileEncoding = 4; lastKnownFileType = sourcecode.c.h; name = BUNativeExpressRewardedVideoAd.h; path = ../../sdk/toutiao/BUNativeExpressRewardedVideoAd.h; sourceTree = "<group>"; };
		DCDB489F23F28AE700EEBC38 /* BURewardedVideoModel.h */ = {isa = PBXFileReference; fileEncoding = 4; lastKnownFileType = sourcecode.c.h; name = BURewardedVideoModel.h; path = ../../sdk/toutiao/BURewardedVideoModel.h; sourceTree = "<group>"; };
		DCDB48A023F28AE700EEBC38 /* BUDislike.h */ = {isa = PBXFileReference; fileEncoding = 4; lastKnownFileType = sourcecode.c.h; name = BUDislike.h; path = ../../sdk/toutiao/BUDislike.h; sourceTree = "<group>"; };
		DCDB48A123F28AE700EEBC38 /* BURewardedVideoAd.h */ = {isa = PBXFileReference; fileEncoding = 4; lastKnownFileType = sourcecode.c.h; name = BURewardedVideoAd.h; path = ../../sdk/toutiao/BURewardedVideoAd.h; sourceTree = "<group>"; };
		DCDB48A223F28AE800EEBC38 /* BUImage.h */ = {isa = PBXFileReference; fileEncoding = 4; lastKnownFileType = sourcecode.c.h; name = BUImage.h; path = ../../sdk/toutiao/BUImage.h; sourceTree = "<group>"; };
		DCDB48A323F28AE800EEBC38 /* BUNativeAd.h */ = {isa = PBXFileReference; fileEncoding = 4; lastKnownFileType = sourcecode.c.h; name = BUNativeAd.h; path = ../../sdk/toutiao/BUNativeAd.h; sourceTree = "<group>"; };
/* End PBXFileReference section */

/* Begin PBXFrameworksBuildPhase section */
		DC38F5ED226F1F120078F8C6 /* Frameworks */ = {
			isa = PBXFrameworksBuildPhase;
			buildActionMask = 2147483647;
			files = (
			);
			runOnlyForDeploymentPostprocessing = 0;
		};
		DC82757C2276E00000023F61 /* Frameworks */ = {
			isa = PBXFrameworksBuildPhase;
			buildActionMask = 2147483647;
			files = (
				DCDB48AF23F28AE800EEBC38 /* BUAdSDK.a in Frameworks */,
			);
			runOnlyForDeploymentPostprocessing = 0;
		};
/* End PBXFrameworksBuildPhase section */

/* Begin PBXGroup section */
		DC38F5E7226F1F120078F8C6 = {
			isa = PBXGroup;
			children = (
				DCDB488123F28A7900EEBC38 /* ATAneTTAdapter */,
				DC8275802276E00000023F61 /* ATAdapterTiktok */,
				DC38F5F1226F1F120078F8C6 /* Products */,
			);
			sourceTree = "<group>";
		};
		DC38F5F1226F1F120078F8C6 /* Products */ = {
			isa = PBXGroup;
			children = (
				DC38F5F0226F1F120078F8C6 /* libATAneTTAdapter.a */,
				DC82757F2276E00000023F61 /* ATAdapterTiktok.framework */,
			);
			name = Products;
			sourceTree = "<group>";
		};
		DC8275802276E00000023F61 /* ATAdapterTiktok */ = {
			isa = PBXGroup;
			children = (
				DCDB489123F28AE500EEBC38 /* BUAdSDK.a */,
				DCDB489B23F28AE700EEBC38 /* BUAdSDK.h */,
				DCDB489623F28AE600EEBC38 /* BUAdSDKDefines.h */,
				DCDB488C23F28AE500EEBC38 /* BUAdSDKError.h */,
				DCDB489C23F28AE700EEBC38 /* BUAdSDKManager.h */,
				DCDB488D23F28AE500EEBC38 /* BUAdSDKPlayableToolManager.h */,
				DCDB488923F28AE500EEBC38 /* BUAdSlot.h */,
				DCDB489423F28AE600EEBC38 /* BUBannerAdView.h */,
				DCDB48A023F28AE700EEBC38 /* BUDislike.h */,
				DCDB489023F28AE500EEBC38 /* BUDislikeWords.h */,
				DCDB489523F28AE600EEBC38 /* BUFullscreenVideoAd.h */,
				DCDB48A223F28AE800EEBC38 /* BUImage.h */,
				DCDB489223F28AE500EEBC38 /* BUInterstitialAd.h */,
				DCDB488A23F28AE500EEBC38 /* BUMaterialMeta.h */,
				DCDB48A323F28AE800EEBC38 /* BUNativeAd.h */,
				DCDB489A23F28AE700EEBC38 /* BUNativeAdRelatedView.h */,
				DCDB488E23F28AE500EEBC38 /* BUNativeAdsManager.h */,
				DCDB489823F28AE600EEBC38 /* BUNativeExpressAdManager.h */,
				DCDB488723F28AE500EEBC38 /* BUNativeExpressAdView.h */,
				DCDB489D23F28AE700EEBC38 /* BUNativeExpressBannerView.h */,
				DCDB488B23F28AE500EEBC38 /* BUNativeExpressFullscreenVideoAd.h */,
				DCDB489723F28AE600EEBC38 /* BUNativeExpressInterstitialAd.h */,
				DCDB489E23F28AE700EEBC38 /* BUNativeExpressRewardedVideoAd.h */,
				DCDB488623F28AE400EEBC38 /* BUNativeExpressSplashView.h */,
				DCDB489323F28AE600EEBC38 /* BUPlayerPublicDefine.h */,
				DCDB48A123F28AE700EEBC38 /* BURewardedVideoAd.h */,
				DCDB489F23F28AE700EEBC38 /* BURewardedVideoModel.h */,
				DCDB489923F28AE600EEBC38 /* BUSize.h */,
				DCDB488F23F28AE500EEBC38 /* BUSplashAdView.h */,
				DCDB488823F28AE500EEBC38 /* BUVideoAdView.h */,
				DC8275812276E00000023F61 /* ATAdapterTiktok.h */,
				DC8275822276E00000023F61 /* Info.plist */,
			);
			path = ATAdapterTiktok;
			sourceTree = "<group>";
		};
		DCDB488123F28A7900EEBC38 /* ATAneTTAdapter */ = {
			isa = PBXGroup;
			children = (
				DCDB488223F28A7900EEBC38 /* ATAneTTAdapter.m */,
				DCDB488323F28A7900EEBC38 /* FlashRuntimeExtensions.h */,
				DCDB488423F28A7900EEBC38 /* ATAneTTAdapter.h */,
			);
			path = ATAneTTAdapter;
			sourceTree = "<group>";
		};
/* End PBXGroup section */

/* Begin PBXHeadersBuildPhase section */
		DC82757A2276E00000023F61 /* Headers */ = {
			isa = PBXHeadersBuildPhase;
			buildActionMask = 2147483647;
			files = (
				DCDB48B623F28AE800EEBC38 /* BUNativeExpressAdManager.h in Headers */,
				DCDB48B823F28AE800EEBC38 /* BUNativeAdRelatedView.h in Headers */,
				DC8275832276E00000023F61 /* ATAdapterTiktok.h in Headers */,
				DCDB48B323F28AE800EEBC38 /* BUFullscreenVideoAd.h in Headers */,
				DCDB48B423F28AE800EEBC38 /* BUAdSDKDefines.h in Headers */,
				DCDB48B023F28AE800EEBC38 /* BUInterstitialAd.h in Headers */,
				DCDB48B523F28AE800EEBC38 /* BUNativeExpressInterstitialAd.h in Headers */,
				DCDB48AD23F28AE800EEBC38 /* BUSplashAdView.h in Headers */,
				DCDB48A823F28AE800EEBC38 /* BUMaterialMeta.h in Headers */,
				DCDB48BC23F28AE800EEBC38 /* BUNativeExpressRewardedVideoAd.h in Headers */,
				DCDB48A723F28AE800EEBC38 /* BUAdSlot.h in Headers */,
				DCDB48C123F28AE800EEBC38 /* BUNativeAd.h in Headers */,
				DCDB48BD23F28AE800EEBC38 /* BURewardedVideoModel.h in Headers */,
				DCDB48BB23F28AE800EEBC38 /* BUNativeExpressBannerView.h in Headers */,
				DCDB48AC23F28AE800EEBC38 /* BUNativeAdsManager.h in Headers */,
				DCDB48B123F28AE800EEBC38 /* BUPlayerPublicDefine.h in Headers */,
				DCDB48AE23F28AE800EEBC38 /* BUDislikeWords.h in Headers */,
				DCDB48AB23F28AE800EEBC38 /* BUAdSDKPlayableToolManager.h in Headers */,
				DCDB48A423F28AE800EEBC38 /* BUNativeExpressSplashView.h in Headers */,
				DCDB48BF23F28AE800EEBC38 /* BURewardedVideoAd.h in Headers */,
				DCDB48B223F28AE800EEBC38 /* BUBannerAdView.h in Headers */,
				DCDB48AA23F28AE800EEBC38 /* BUAdSDKError.h in Headers */,
				DCDB48BE23F28AE800EEBC38 /* BUDislike.h in Headers */,
				DCDB48B923F28AE800EEBC38 /* BUAdSDK.h in Headers */,
				DCDB48B723F28AE800EEBC38 /* BUSize.h in Headers */,
				DCDB48A523F28AE800EEBC38 /* BUNativeExpressAdView.h in Headers */,
				DCDB48BA23F28AE800EEBC38 /* BUAdSDKManager.h in Headers */,
				DCDB48A923F28AE800EEBC38 /* BUNativeExpressFullscreenVideoAd.h in Headers */,
				DCDB48C023F28AE800EEBC38 /* BUImage.h in Headers */,
				DCDB48A623F28AE800EEBC38 /* BUVideoAdView.h in Headers */,
			);
			runOnlyForDeploymentPostprocessing = 0;
		};
/* End PBXHeadersBuildPhase section */

/* Begin PBXNativeTarget section */
		DC38F5EF226F1F120078F8C6 /* ATAneTTAdapter */ = {
			isa = PBXNativeTarget;
			buildConfigurationList = DC38F5F9226F1F120078F8C6 /* Build configuration list for PBXNativeTarget "ATAneTTAdapter" */;
			buildPhases = (
				DC38F5EC226F1F120078F8C6 /* Sources */,
				DC38F5ED226F1F120078F8C6 /* Frameworks */,
				DC38F5EE226F1F120078F8C6 /* CopyFiles */,
			);
			buildRules = (
			);
			dependencies = (
			);
			name = ATAneTTAdapter;
			productName = UpArpuInmobiAdapter;
			productReference = DC38F5F0226F1F120078F8C6 /* libATAneTTAdapter.a */;
			productType = "com.apple.product-type.library.static";
		};
		DC82757E2276E00000023F61 /* ATAdapterTiktok */ = {
			isa = PBXNativeTarget;
			buildConfigurationList = DC8275862276E00000023F61 /* Build configuration list for PBXNativeTarget "ATAdapterTiktok" */;
			buildPhases = (
				DC82757A2276E00000023F61 /* Headers */,
				DC82757B2276E00000023F61 /* Sources */,
				DC82757C2276E00000023F61 /* Frameworks */,
				DC82757D2276E00000023F61 /* Resources */,
			);
			buildRules = (
			);
			dependencies = (
			);
			name = ATAdapterTiktok;
			productName = UpArpuAdapterTiktok;
			productReference = DC82757F2276E00000023F61 /* ATAdapterTiktok.framework */;
			productType = "com.apple.product-type.framework";
		};
/* End PBXNativeTarget section */

/* Begin PBXProject section */
		DC38F5E8226F1F120078F8C6 /* Project object */ = {
			isa = PBXProject;
			attributes = {
				LastUpgradeCheck = 1020;
				ORGANIZATIONNAME = uparpu;
				TargetAttributes = {
					DC38F5EF226F1F120078F8C6 = {
						CreatedOnToolsVersion = 10.2;
					};
					DC38F5FD226F1FD70078F8C6 = {
						CreatedOnToolsVersion = 10.2;
					};
					DC82757E2276E00000023F61 = {
						CreatedOnToolsVersion = 10.2;
					};
				};
			};
			buildConfigurationList = DC38F5EB226F1F120078F8C6 /* Build configuration list for PBXProject "ATAneTTAdapter" */;
			compatibilityVersion = "Xcode 9.3";
			developmentRegion = en;
			hasScannedForEncodings = 0;
			knownRegions = (
				en,
			);
			mainGroup = DC38F5E7226F1F120078F8C6;
			productRefGroup = DC38F5F1226F1F120078F8C6 /* Products */;
			projectDirPath = "";
			projectRoot = "";
			targets = (
				DC38F5EF226F1F120078F8C6 /* ATAneTTAdapter */,
				DC38F5FD226F1FD70078F8C6 /* build_script */,
				DC82757E2276E00000023F61 /* ATAdapterTiktok */,
			);
		};
/* End PBXProject section */

/* Begin PBXResourcesBuildPhase section */
		DC82757D2276E00000023F61 /* Resources */ = {
			isa = PBXResourcesBuildPhase;
			buildActionMask = 2147483647;
			files = (
			);
			runOnlyForDeploymentPostprocessing = 0;
		};
/* End PBXResourcesBuildPhase section */

/* Begin PBXShellScriptBuildPhase section */
		DC38F601226F1FEE0078F8C6 /* ShellScript */ = {
			isa = PBXShellScriptBuildPhase;
			buildActionMask = 2147483647;
			files = (
			);
			inputFileListPaths = (
			);
			inputPaths = (
			);
			outputFileListPaths = (
			);
			outputPaths = (
			);
			runOnlyForDeploymentPostprocessing = 0;
			shellPath = /bin/sh;
			shellScript = "# Sets the target folders and the final framework product.\n# 如果工程名称和Framework的Target名称不一样的话，要自定义FMKNAME\n# 例如: FMK_NAME = \"MyFramework\"\nLIB_NAME=${PROJECT_NAME}\n#define the version you want,including release and debug\nTARGET_VERSION=\"Release\"\n# define output folder environment variable\nUNIVERSAL_OUTPUTFOLDER=${SRCROOT}/${TARGET_VERSION}-universal\n\n# Step 1. Build Device and Simulator versions\nxcodebuild -target \"${LIB_NAME}\" ONLY_ACTIVE_ARCH=NO -configuration ${TARGET_VERSION} -sdk iphoneos  -arch \"arm64\" -arch \"armv7\" -arch \"armv7s\" BUILD_DIR=\"${BUILD_DIR}\" BUILD_ROOT=\"${BUILD_ROOT}\" clean build\nxcodebuild -target \"${LIB_NAME}\" ONLY_ACTIVE_ARCH=NO -configuration ${TARGET_VERSION} -sdk iphonesimulator -arch \"i386\" -arch \"x86_64\" BUILD_DIR=\"${BUILD_DIR}\" BUILD_ROOT=\"${BUILD_ROOT}\" clean build\n\n# Cleaning the oldest.\nif [ -d \"${UNIVERSAL_OUTPUTFOLDER}\" ]\nthen\nrm -rf \"${UNIVERSAL_OUTPUTFOLDER}\"\nfi\n#create the folder\nmkdir -p \"${UNIVERSAL_OUTPUTFOLDER}\"\n\n# Step 2. Create universal binary file using lipo\nlipo -create -output \"${UNIVERSAL_OUTPUTFOLDER}/lib${PROJECT_NAME}.a\" \"${BUILD_DIR}/${TARGET_VERSION}-iphoneos/lib${PROJECT_NAME}.a\" \"${BUILD_DIR}/${TARGET_VERSION}-iphonesimulator/lib${PROJECT_NAME}.a\"\nrm -rf \"${SRCROOT}/build\"\nopen \"${UNIVERSAL_OUTPUTFOLDER}\"\n\n\n\n";
		};
/* End PBXShellScriptBuildPhase section */

/* Begin PBXSourcesBuildPhase section */
		DC38F5EC226F1F120078F8C6 /* Sources */ = {
			isa = PBXSourcesBuildPhase;
			buildActionMask = 2147483647;
			files = (
				DCDB488523F28A7900EEBC38 /* ATAneTTAdapter.m in Sources */,
			);
			runOnlyForDeploymentPostprocessing = 0;
		};
		DC82757B2276E00000023F61 /* Sources */ = {
			isa = PBXSourcesBuildPhase;
			buildActionMask = 2147483647;
			files = (
			);
			runOnlyForDeploymentPostprocessing = 0;
		};
/* End PBXSourcesBuildPhase section */

/* Begin XCBuildConfiguration section */
		DC38F5F7226F1F120078F8C6 /* Debug */ = {
			isa = XCBuildConfiguration;
			buildSettings = {
				ALWAYS_SEARCH_USER_PATHS = NO;
				CLANG_ANALYZER_NONNULL = YES;
				CLANG_ANALYZER_NUMBER_OBJECT_CONVERSION = YES_AGGRESSIVE;
				CLANG_CXX_LANGUAGE_STANDARD = "gnu++14";
				CLANG_CXX_LIBRARY = "libc++";
				CLANG_ENABLE_MODULES = YES;
				CLANG_ENABLE_OBJC_ARC = YES;
				CLANG_ENABLE_OBJC_WEAK = YES;
				CLANG_WARN_BLOCK_CAPTURE_AUTORELEASING = YES;
				CLANG_WARN_BOOL_CONVERSION = YES;
				CLANG_WARN_COMMA = YES;
				CLANG_WARN_CONSTANT_CONVERSION = YES;
				CLANG_WARN_DEPRECATED_OBJC_IMPLEMENTATIONS = YES;
				CLANG_WARN_DIRECT_OBJC_ISA_USAGE = YES_ERROR;
				CLANG_WARN_DOCUMENTATION_COMMENTS = YES;
				CLANG_WARN_EMPTY_BODY = YES;
				CLANG_WARN_ENUM_CONVERSION = YES;
				CLANG_WARN_INFINITE_RECURSION = YES;
				CLANG_WARN_INT_CONVERSION = YES;
				CLANG_WARN_NON_LITERAL_NULL_CONVERSION = YES;
				CLANG_WARN_OBJC_IMPLICIT_RETAIN_SELF = YES;
				CLANG_WARN_OBJC_LITERAL_CONVERSION = YES;
				CLANG_WARN_OBJC_ROOT_CLASS = YES_ERROR;
				CLANG_WARN_RANGE_LOOP_ANALYSIS = YES;
				CLANG_WARN_STRICT_PROTOTYPES = YES;
				CLANG_WARN_SUSPICIOUS_MOVE = YES;
				CLANG_WARN_UNGUARDED_AVAILABILITY = YES_AGGRESSIVE;
				CLANG_WARN_UNREACHABLE_CODE = YES;
				CLANG_WARN__DUPLICATE_METHOD_MATCH = YES;
				CODE_SIGN_IDENTITY = "iPhone Developer";
				COPY_PHASE_STRIP = NO;
				DEBUG_INFORMATION_FORMAT = dwarf;
				ENABLE_STRICT_OBJC_MSGSEND = YES;
				ENABLE_TESTABILITY = YES;
				GCC_C_LANGUAGE_STANDARD = gnu11;
				GCC_DYNAMIC_NO_PIC = NO;
				GCC_NO_COMMON_BLOCKS = YES;
				GCC_OPTIMIZATION_LEVEL = 0;
				GCC_PREPROCESSOR_DEFINITIONS = (
					"DEBUG=1",
					"$(inherited)",
				);
				GCC_WARN_64_TO_32_BIT_CONVERSION = YES;
				GCC_WARN_ABOUT_RETURN_TYPE = YES_ERROR;
				GCC_WARN_UNDECLARED_SELECTOR = YES;
				GCC_WARN_UNINITIALIZED_AUTOS = YES_AGGRESSIVE;
				GCC_WARN_UNUSED_FUNCTION = YES;
				GCC_WARN_UNUSED_VARIABLE = YES;
				IPHONEOS_DEPLOYMENT_TARGET = 8.0;
				MTL_ENABLE_DEBUG_INFO = INCLUDE_SOURCE;
				MTL_FAST_MATH = YES;
				ONLY_ACTIVE_ARCH = YES;
				SDKROOT = iphoneos;
			};
			name = Debug;
		};
		DC38F5F8226F1F120078F8C6 /* Release */ = {
			isa = XCBuildConfiguration;
			buildSettings = {
				ALWAYS_SEARCH_USER_PATHS = NO;
				CLANG_ANALYZER_NONNULL = YES;
				CLANG_ANALYZER_NUMBER_OBJECT_CONVERSION = YES_AGGRESSIVE;
				CLANG_CXX_LANGUAGE_STANDARD = "gnu++14";
				CLANG_CXX_LIBRARY = "libc++";
				CLANG_ENABLE_MODULES = YES;
				CLANG_ENABLE_OBJC_ARC = YES;
				CLANG_ENABLE_OBJC_WEAK = YES;
				CLANG_WARN_BLOCK_CAPTURE_AUTORELEASING = YES;
				CLANG_WARN_BOOL_CONVERSION = YES;
				CLANG_WARN_COMMA = YES;
				CLANG_WARN_CONSTANT_CONVERSION = YES;
				CLANG_WARN_DEPRECATED_OBJC_IMPLEMENTATIONS = YES;
				CLANG_WARN_DIRECT_OBJC_ISA_USAGE = YES_ERROR;
				CLANG_WARN_DOCUMENTATION_COMMENTS = YES;
				CLANG_WARN_EMPTY_BODY = YES;
				CLANG_WARN_ENUM_CONVERSION = YES;
				CLANG_WARN_INFINITE_RECURSION = YES;
				CLANG_WARN_INT_CONVERSION = YES;
				CLANG_WARN_NON_LITERAL_NULL_CONVERSION = YES;
				CLANG_WARN_OBJC_IMPLICIT_RETAIN_SELF = YES;
				CLANG_WARN_OBJC_LITERAL_CONVERSION = YES;
				CLANG_WARN_OBJC_ROOT_CLASS = YES_ERROR;
				CLANG_WARN_RANGE_LOOP_ANALYSIS = YES;
				CLANG_WARN_STRICT_PROTOTYPES = YES;
				CLANG_WARN_SUSPICIOUS_MOVE = YES;
				CLANG_WARN_UNGUARDED_AVAILABILITY = YES_AGGRESSIVE;
				CLANG_WARN_UNREACHABLE_CODE = YES;
				CLANG_WARN__DUPLICATE_METHOD_MATCH = YES;
				CODE_SIGN_IDENTITY = "iPhone Developer";
				COPY_PHASE_STRIP = NO;
				DEBUG_INFORMATION_FORMAT = "dwarf-with-dsym";
				ENABLE_NS_ASSERTIONS = NO;
				ENABLE_STRICT_OBJC_MSGSEND = YES;
				GCC_C_LANGUAGE_STANDARD = gnu11;
				GCC_NO_COMMON_BLOCKS = YES;
				GCC_WARN_64_TO_32_BIT_CONVERSION = YES;
				GCC_WARN_ABOUT_RETURN_TYPE = YES_ERROR;
				GCC_WARN_UNDECLARED_SELECTOR = YES;
				GCC_WARN_UNINITIALIZED_AUTOS = YES_AGGRESSIVE;
				GCC_WARN_UNUSED_FUNCTION = YES;
				GCC_WARN_UNUSED_VARIABLE = YES;
				IPHONEOS_DEPLOYMENT_TARGET = 8.0;
				MTL_ENABLE_DEBUG_INFO = NO;
				MTL_FAST_MATH = YES;
				SDKROOT = iphoneos;
				VALIDATE_PRODUCT = YES;
			};
			name = Release;
		};
		DC38F5FA226F1F120078F8C6 /* Debug */ = {
			isa = XCBuildConfiguration;
			buildSettings = {
				CODE_SIGN_STYLE = Automatic;
				DEVELOPMENT_TEAM = 6YXYV74FF7;
				OTHER_LDFLAGS = "-ObjC";
				PRODUCT_NAME = "$(TARGET_NAME)";
				SKIP_INSTALL = YES;
				TARGETED_DEVICE_FAMILY = "1,2";
			};
			name = Debug;
		};
		DC38F5FB226F1F120078F8C6 /* Release */ = {
			isa = XCBuildConfiguration;
			buildSettings = {
				CODE_SIGN_STYLE = Automatic;
				DEVELOPMENT_TEAM = 6YXYV74FF7;
				OTHER_LDFLAGS = "-ObjC";
				PRODUCT_NAME = "$(TARGET_NAME)";
				SKIP_INSTALL = YES;
				TARGETED_DEVICE_FAMILY = "1,2";
			};
			name = Release;
		};
		DC38F5FF226F1FD70078F8C6 /* Debug */ = {
			isa = XCBuildConfiguration;
			buildSettings = {
				CODE_SIGN_STYLE = Automatic;
				DEVELOPMENT_TEAM = 6YXYV74FF7;
				PRODUCT_NAME = "$(TARGET_NAME)";
			};
			name = Debug;
		};
		DC38F600226F1FD70078F8C6 /* Release */ = {
			isa = XCBuildConfiguration;
			buildSettings = {
				CODE_SIGN_STYLE = Automatic;
				DEVELOPMENT_TEAM = 6YXYV74FF7;
				PRODUCT_NAME = "$(TARGET_NAME)";
			};
			name = Release;
		};
		DC8275842276E00000023F61 /* Debug */ = {
			isa = XCBuildConfiguration;
			buildSettings = {
				CODE_SIGN_IDENTITY = "";
				CODE_SIGN_STYLE = Automatic;
				CURRENT_PROJECT_VERSION = 1;
				DEFINES_MODULE = YES;
				DEVELOPMENT_TEAM = 6YXYV74FF7;
				DYLIB_COMPATIBILITY_VERSION = 1;
				DYLIB_CURRENT_VERSION = 1;
				DYLIB_INSTALL_NAME_BASE = "@rpath";
				INFOPLIST_FILE = ATAdapterTiktok/Info.plist;
				INSTALL_PATH = "$(LOCAL_LIBRARY_DIR)/Frameworks";
				IPHONEOS_DEPLOYMENT_TARGET = 8.0;
				LD_RUNPATH_SEARCH_PATHS = (
					"$(inherited)",
					"@executable_path/Frameworks",
					"@loader_path/Frameworks",
				);
				MACH_O_TYPE = staticlib;
				ONLY_ACTIVE_ARCH = NO;
				OTHER_LDFLAGS = (
					"-ObjC",
					"-fobjc-arc",
					"$(inherited)",
				);
				PRODUCT_BUNDLE_IDENTIFIER = com.anythink.tiktok.ATAdapterTiktok;
				PRODUCT_NAME = ATAdapterTiktok;
				SKIP_INSTALL = YES;
				TARGETED_DEVICE_FAMILY = "1,2";
				VERSIONING_SYSTEM = "apple-generic";
				VERSION_INFO_PREFIX = "";
			};
			name = Debug;
		};
		DC8275852276E00000023F61 /* Release */ = {
			isa = XCBuildConfiguration;
			buildSettings = {
				CODE_SIGN_IDENTITY = "";
				CODE_SIGN_STYLE = Automatic;
				CURRENT_PROJECT_VERSION = 1;
				DEFINES_MODULE = YES;
				DEVELOPMENT_TEAM = 6YXYV74FF7;
				DYLIB_COMPATIBILITY_VERSION = 1;
				DYLIB_CURRENT_VERSION = 1;
				DYLIB_INSTALL_NAME_BASE = "@rpath";
				INFOPLIST_FILE = ATAdapterTiktok/Info.plist;
				INSTALL_PATH = "$(LOCAL_LIBRARY_DIR)/Frameworks";
				IPHONEOS_DEPLOYMENT_TARGET = 8.0;
				LD_RUNPATH_SEARCH_PATHS = (
					"$(inherited)",
					"@executable_path/Frameworks",
					"@loader_path/Frameworks",
				);
				MACH_O_TYPE = staticlib;
				OTHER_LDFLAGS = (
					"-ObjC",
					"-fobjc-arc",
					"$(inherited)",
				);
				PRODUCT_BUNDLE_IDENTIFIER = com.anythink.tiktok.ATAdapterTiktok;
				PRODUCT_NAME = ATAdapterTiktok;
				SKIP_INSTALL = YES;
				TARGETED_DEVICE_FAMILY = "1,2";
				VERSIONING_SYSTEM = "apple-generic";
				VERSION_INFO_PREFIX = "";
			};
			name = Release;
		};
/* End XCBuildConfiguration section */

/* Begin XCConfigurationList section */
		DC38F5EB226F1F120078F8C6 /* Build configuration list for PBXProject "ATAneTTAdapter" */ = {
			isa = XCConfigurationList;
			buildConfigurations = (
				DC38F5F7226F1F120078F8C6 /* Debug */,
				DC38F5F8226F1F120078F8C6 /* Release */,
			);
			defaultConfigurationIsVisible = 0;
			defaultConfigurationName = Release;
		};
		DC38F5F9226F1F120078F8C6 /* Build configuration list for PBXNativeTarget "ATAneTTAdapter" */ = {
			isa = XCConfigurationList;
			buildConfigurations = (
				DC38F5FA226F1F120078F8C6 /* Debug */,
				DC38F5FB226F1F120078F8C6 /* Release */,
			);
			defaultConfigurationIsVisible = 0;
			defaultConfigurationName = Release;
		};
		DC38F5FE226F1FD70078F8C6 /* Build configuration list for PBXAggregateTarget "build_script" */ = {
			isa = XCConfigurationList;
			buildConfigurations = (
				DC38F5FF226F1FD70078F8C6 /* Debug */,
				DC38F600226F1FD70078F8C6 /* Release */,
			);
			defaultConfigurationIsVisible = 0;
			defaultConfigurationName = Release;
		};
		DC8275862276E00000023F61 /* Build configuration list for PBXNativeTarget "ATAdapterTiktok" */ = {
			isa = XCConfigurationList;
			buildConfigurations = (
				DC8275842276E00000023F61 /* Debug */,
				DC8275852276E00000023F61 /* Release */,
			);
			defaultConfigurationIsVisible = 0;
			defaultConfigurationName = Release;
		};
/* End XCConfigurationList section */
	};
	rootObject = DC38F5E8226F1F120078F8C6 /* Project object */;
}
